{
  "version": 4,
  "terraform_version": "1.7.3",
  "serial": 814,
  "lineage": "7d3de97e-7561-ea07-42b9-936f2692da03",
  "outputs": {
    "myapp_secrets_role_arn": {
      "value": "arn:aws:iam::228717161587:role/staging-demo-myapp-secrets",
      "type": "string"
    }
  },
  "resources": [
    {
      "mode": "data",
      "type": "aws_caller_identity",
      "name": "current",
      "provider": "provider[\"registry.terraform.io/hashicorp/aws\"]",
      "instances": [
        {
          "schema_version": 0,
          "attributes": {
            "account_id": "228717161587",
            "arn": "arn:aws:iam::228717161587:user/liupengadmin",
            "id": "228717161587",
            "user_id": "AIDATKQE25RZ362HN5ECH"
          },
          "sensitive_attributes": []
        }
      ]
    },
    {
      "mode": "data",
      "type": "aws_eks_cluster",
      "name": "eks",
      "provider": "provider[\"registry.terraform.io/hashicorp/aws\"]",
      "instances": [
        {
          "schema_version": 0,
          "attributes": {
            "access_config": [
              {
                "authentication_mode": "API",
                "bootstrap_cluster_creator_admin_permissions": true
              }
            ],
            "arn": "arn:aws:eks:us-east-2:228717161587:cluster/staging-demo",
            "certificate_authority": [
              {
                "data": "LS0tLS1CRUdJTiBDRVJUSUZJQ0FURS0tLS0tCk1JSURCVENDQWUyZ0F3SUJBZ0lJVERNVkVNRFFrUFV3RFFZSktvWklodmNOQVFFTEJRQXdGVEVUTUJFR0ExVUUKQXhNS2EzVmlaWEp1WlhSbGN6QWVGdzB5TkRFd01qSXdOekk0TVRSYUZ3MHpOREV3TWpBd056TXpNVFJhTUJVeApFekFSQmdOVkJBTVRDbXQxWW1WeWJtVjBaWE13Z2dFaU1BMEdDU3FHU0liM0RRRUJBUVVBQTRJQkR3QXdnZ0VLCkFvSUJBUURuN0lwZGs3ZktvaUJTbDJHcVltVnRnajdZOU43VEJyamM0ODROVGxUbDlFMjJXWGd6eFcxL0YwOXcKQ2NKUURINkpWSXVTVWYyQWpLa3Y4TkxXUXJJL0Jzci9pK2EzbEVRbEJkWG1QbHpUY0hOMWMyc1MzbmR5U0xWdQpsNVhtald4YmQ5ZFRrS1lZT00rRUd1TVhYb0dZZG5aVnlFNzk2NTZSZTU3TVl4MEdraG9oU0xIYXBJMTFlbzdPCjBiODhEYXRrcThMbUVlaHNCNGw2U25hdjVpdmMrV001UlRCTUpGTUwweHJvQVgvb3pBTHJrN2g3VXV5NVhqUSsKWUtpbktVQTIvWUFtejNyQXljOXFCcUdhZFpOeVNwZ2JmZ3FlcW9sYitsQ3pKWGxoVzM5UDJYVFpvSmVtOG1lVwpMRU80VDZGbWhNNkZ0ZGgzSy9RaE0ycWdSeGEzQWdNQkFBR2pXVEJYTUE0R0ExVWREd0VCL3dRRUF3SUNwREFQCkJnTlZIUk1CQWY4RUJUQURBUUgvTUIwR0ExVWREZ1FXQkJSbVRlaTVSRXA2WkxXQS9tZkl3ZGZCYm1uNER6QVYKQmdOVkhSRUVEakFNZ2dwcmRXSmxjbTVsZEdWek1BMEdDU3FHU0liM0RRRUJDd1VBQTRJQkFRQWsvaVovVmhlYwpnb1Z6eGhOZEZCUERZcVNMTFpObXo3QVI4NlNEaVVWMXJSU3pWRkRKNStYMmo4dmQ5UUhTZkNsVHJaSXN0ZG1VClVNNytMRnNGVUlqdmtacGk4aTZsTnNOSzhZdVkyRjNXQmhlcktTYkoyRFJJaHlpN1pveEdVNzNlWFV1Vk14RGQKN3NHUG5TSlVLZFpKRDZWYVUya0VrK01KQnZaNVA1dTdhMDdsRHhKbDRsYk5oTENwNHVLZ3FlaGYrYkN0dUJKTApIeG0wSnRCdnVWVUhidEVuTElWKy83TmJERlpPS0h2bkp6UHN6Uk1kbDVENmhnOGR0K0tldWhpYWhPS0YxRW1ZCnlaa1JjdmM1cTE5UldVM3haNlhHQW1OK0dUY055c3dia2NuTS9PbEhmOXFDdU16UG9KcldUOTJMMUlyWmFGSDIKRkZUeTlBd2w4a25VCi0tLS0tRU5EIENFUlRJRklDQVRFLS0tLS0K"
              }
            ],
            "cluster_id": null,
            "created_at": "2024-10-22T07:28:35Z",
            "enabled_cluster_log_types": [],
            "endpoint": "https://0F63B269CAD114340576EA8D26575D54.gr7.us-east-2.eks.amazonaws.com",
            "id": "staging-demo",
            "identity": [
              {
                "oidc": [
                  {
                    "issuer": "https://oidc.eks.us-east-2.amazonaws.com/id/0F63B269CAD114340576EA8D26575D54"
                  }
                ]
              }
            ],
            "kubernetes_network_config": [
              {
                "ip_family": "ipv4",
                "service_ipv4_cidr": "172.20.0.0/16",
                "service_ipv6_cidr": ""
              }
            ],
            "name": "staging-demo",
            "outpost_config": [],
            "platform_version": "eks.17",
            "role_arn": "arn:aws:iam::228717161587:role/staging-demo-eks-cluster",
            "status": "ACTIVE",
            "tags": {},
            "upgrade_policy": [
              {
                "support_type": "EXTENDED"
              }
            ],
            "version": "1.29",
            "vpc_config": [
              {
                "cluster_security_group_id": "sg-0abf887071cde8b53",
                "endpoint_private_access": false,
                "endpoint_public_access": true,
                "public_access_cidrs": [
                  "0.0.0.0/0"
                ],
                "security_group_ids": [],
                "subnet_ids": [
                  "subnet-0078f226c805e6f83",
                  "subnet-08ddeff16bd076f6c"
                ],
                "vpc_id": "vpc-07d474eb9a811ca6b"
              }
            ]
          },
          "sensitive_attributes": []
        }
      ]
    },
    {
      "mode": "data",
      "type": "aws_eks_cluster",
      "name": "eks_v2",
      "provider": "provider[\"registry.terraform.io/hashicorp/aws\"]",
      "instances": [
        {
          "schema_version": 0,
          "attributes": {
            "access_config": [
              {
                "authentication_mode": "API",
                "bootstrap_cluster_creator_admin_permissions": true
              }
            ],
            "arn": "arn:aws:eks:us-east-2:228717161587:cluster/staging-demo",
            "certificate_authority": [
              {
                "data": "LS0tLS1CRUdJTiBDRVJUSUZJQ0FURS0tLS0tCk1JSURCVENDQWUyZ0F3SUJBZ0lJVERNVkVNRFFrUFV3RFFZSktvWklodmNOQVFFTEJRQXdGVEVUTUJFR0ExVUUKQXhNS2EzVmlaWEp1WlhSbGN6QWVGdzB5TkRFd01qSXdOekk0TVRSYUZ3MHpOREV3TWpBd056TXpNVFJhTUJVeApFekFSQmdOVkJBTVRDbXQxWW1WeWJtVjBaWE13Z2dFaU1BMEdDU3FHU0liM0RRRUJBUVVBQTRJQkR3QXdnZ0VLCkFvSUJBUURuN0lwZGs3ZktvaUJTbDJHcVltVnRnajdZOU43VEJyamM0ODROVGxUbDlFMjJXWGd6eFcxL0YwOXcKQ2NKUURINkpWSXVTVWYyQWpLa3Y4TkxXUXJJL0Jzci9pK2EzbEVRbEJkWG1QbHpUY0hOMWMyc1MzbmR5U0xWdQpsNVhtald4YmQ5ZFRrS1lZT00rRUd1TVhYb0dZZG5aVnlFNzk2NTZSZTU3TVl4MEdraG9oU0xIYXBJMTFlbzdPCjBiODhEYXRrcThMbUVlaHNCNGw2U25hdjVpdmMrV001UlRCTUpGTUwweHJvQVgvb3pBTHJrN2g3VXV5NVhqUSsKWUtpbktVQTIvWUFtejNyQXljOXFCcUdhZFpOeVNwZ2JmZ3FlcW9sYitsQ3pKWGxoVzM5UDJYVFpvSmVtOG1lVwpMRU80VDZGbWhNNkZ0ZGgzSy9RaE0ycWdSeGEzQWdNQkFBR2pXVEJYTUE0R0ExVWREd0VCL3dRRUF3SUNwREFQCkJnTlZIUk1CQWY4RUJUQURBUUgvTUIwR0ExVWREZ1FXQkJSbVRlaTVSRXA2WkxXQS9tZkl3ZGZCYm1uNER6QVYKQmdOVkhSRUVEakFNZ2dwcmRXSmxjbTVsZEdWek1BMEdDU3FHU0liM0RRRUJDd1VBQTRJQkFRQWsvaVovVmhlYwpnb1Z6eGhOZEZCUERZcVNMTFpObXo3QVI4NlNEaVVWMXJSU3pWRkRKNStYMmo4dmQ5UUhTZkNsVHJaSXN0ZG1VClVNNytMRnNGVUlqdmtacGk4aTZsTnNOSzhZdVkyRjNXQmhlcktTYkoyRFJJaHlpN1pveEdVNzNlWFV1Vk14RGQKN3NHUG5TSlVLZFpKRDZWYVUya0VrK01KQnZaNVA1dTdhMDdsRHhKbDRsYk5oTENwNHVLZ3FlaGYrYkN0dUJKTApIeG0wSnRCdnVWVUhidEVuTElWKy83TmJERlpPS0h2bkp6UHN6Uk1kbDVENmhnOGR0K0tldWhpYWhPS0YxRW1ZCnlaa1JjdmM1cTE5UldVM3haNlhHQW1OK0dUY055c3dia2NuTS9PbEhmOXFDdU16UG9KcldUOTJMMUlyWmFGSDIKRkZUeTlBd2w4a25VCi0tLS0tRU5EIENFUlRJRklDQVRFLS0tLS0K"
              }
            ],
            "cluster_id": null,
            "created_at": "2024-10-22T07:28:35Z",
            "enabled_cluster_log_types": [],
            "endpoint": "https://0F63B269CAD114340576EA8D26575D54.gr7.us-east-2.eks.amazonaws.com",
            "id": "staging-demo",
            "identity": [
              {
                "oidc": [
                  {
                    "issuer": "https://oidc.eks.us-east-2.amazonaws.com/id/0F63B269CAD114340576EA8D26575D54"
                  }
                ]
              }
            ],
            "kubernetes_network_config": [
              {
                "ip_family": "ipv4",
                "service_ipv4_cidr": "172.20.0.0/16",
                "service_ipv6_cidr": ""
              }
            ],
            "name": "staging-demo",
            "outpost_config": [],
            "platform_version": "eks.17",
            "role_arn": "arn:aws:iam::228717161587:role/staging-demo-eks-cluster",
            "status": "ACTIVE",
            "tags": {},
            "upgrade_policy": [
              {
                "support_type": "EXTENDED"
              }
            ],
            "version": "1.29",
            "vpc_config": [
              {
                "cluster_security_group_id": "sg-0abf887071cde8b53",
                "endpoint_private_access": false,
                "endpoint_public_access": true,
                "public_access_cidrs": [
                  "0.0.0.0/0"
                ],
                "security_group_ids": [],
                "subnet_ids": [
                  "subnet-0078f226c805e6f83",
                  "subnet-08ddeff16bd076f6c"
                ],
                "vpc_id": "vpc-07d474eb9a811ca6b"
              }
            ]
          },
          "sensitive_attributes": []
        }
      ]
    },
    {
      "mode": "data",
      "type": "aws_eks_cluster_auth",
      "name": "eks",
      "provider": "provider[\"registry.terraform.io/hashicorp/aws\"]",
      "instances": [
        {
          "schema_version": 0,
          "attributes": {
            "id": "staging-demo",
            "name": "staging-demo",
            "token": "k8s-aws-v1.aHR0cHM6Ly9zdHMudXMtZWFzdC0yLmFtYXpvbmF3cy5jb20vP0FjdGlvbj1HZXRDYWxsZXJJZGVudGl0eSZWZXJzaW9uPTIwMTEtMDYtMTUmWC1BbXotQWxnb3JpdGhtPUFXUzQtSE1BQy1TSEEyNTYmWC1BbXotQ3JlZGVudGlhbD1BS0lBVEtRRTI1UlpRMkRPNlZBWCUyRjIwMjQxMDIyJTJGdXMtZWFzdC0yJTJGc3RzJTJGYXdzNF9yZXF1ZXN0JlgtQW16LURhdGU9MjAyNDEwMjJUMDc1NzM0WiZYLUFtei1FeHBpcmVzPTAmWC1BbXotU2lnbmVkSGVhZGVycz1ob3N0JTNCeC1rOHMtYXdzLWlkJlgtQW16LVNpZ25hdHVyZT1iYmMzMzYwMmU0MTRkYWVhMGY1N2Y2NWQxZjZiNjgxYzlhMDk2YWYxM2JlMjRiZDMzOGRjODNmYmE1ODZlYTRj"
          },
          "sensitive_attributes": []
        }
      ]
    },
    {
      "mode": "data",
      "type": "aws_eks_cluster_auth",
      "name": "eks_v2",
      "provider": "provider[\"registry.terraform.io/hashicorp/aws\"]",
      "instances": [
        {
          "schema_version": 0,
          "attributes": {
            "id": "staging-demo",
            "name": "staging-demo",
            "token": "k8s-aws-v1.aHR0cHM6Ly9zdHMudXMtZWFzdC0yLmFtYXpvbmF3cy5jb20vP0FjdGlvbj1HZXRDYWxsZXJJZGVudGl0eSZWZXJzaW9uPTIwMTEtMDYtMTUmWC1BbXotQWxnb3JpdGhtPUFXUzQtSE1BQy1TSEEyNTYmWC1BbXotQ3JlZGVudGlhbD1BS0lBVEtRRTI1UlpRMkRPNlZBWCUyRjIwMjQxMDIyJTJGdXMtZWFzdC0yJTJGc3RzJTJGYXdzNF9yZXF1ZXN0JlgtQW16LURhdGU9MjAyNDEwMjJUMDc1NzM1WiZYLUFtei1FeHBpcmVzPTAmWC1BbXotU2lnbmVkSGVhZGVycz1ob3N0JTNCeC1rOHMtYXdzLWlkJlgtQW16LVNpZ25hdHVyZT1jNTJkZmZmZDRhYzk5MjIzYzMxOTE2YTNhNDBhNmIyYThmZTdhNDFhOGY2MDU0ZjA0NmIzMDQ0MDg1YzdmNGY4"
          },
          "sensitive_attributes": []
        }
      ]
    },
    {
      "mode": "data",
      "type": "aws_iam_policy_document",
      "name": "aws_lbc",
      "provider": "provider[\"registry.terraform.io/hashicorp/aws\"]",
      "instances": [
        {
          "schema_version": 0,
          "attributes": {
            "id": "819195744",
            "json": "{\n  \"Version\": \"2012-10-17\",\n  \"Statement\": [\n    {\n      \"Effect\": \"Allow\",\n      \"Action\": [\n        \"sts:TagSession\",\n        \"sts:AssumeRole\"\n      ],\n      \"Principal\": {\n        \"Service\": \"pods.eks.amazonaws.com\"\n      }\n    }\n  ]\n}",
            "minified_json": "{\"Version\":\"2012-10-17\",\"Statement\":[{\"Effect\":\"Allow\",\"Action\":[\"sts:TagSession\",\"sts:AssumeRole\"],\"Principal\":{\"Service\":\"pods.eks.amazonaws.com\"}}]}",
            "override_json": null,
            "override_policy_documents": null,
            "policy_id": null,
            "source_json": null,
            "source_policy_documents": null,
            "statement": [
              {
                "actions": [
                  "sts:AssumeRole",
                  "sts:TagSession"
                ],
                "condition": [],
                "effect": "Allow",
                "not_actions": [],
                "not_principals": [],
                "not_resources": [],
                "principals": [
                  {
                    "identifiers": [
                      "pods.eks.amazonaws.com"
                    ],
                    "type": "Service"
                  }
                ],
                "resources": [],
                "sid": ""
              }
            ],
            "version": "2012-10-17"
          },
          "sensitive_attributes": []
        }
      ]
    },
    {
      "mode": "data",
      "type": "aws_iam_policy_document",
      "name": "ebs_csi_driver",
      "provider": "provider[\"registry.terraform.io/hashicorp/aws\"]",
      "instances": [
        {
          "schema_version": 0,
          "attributes": {
            "id": "819195744",
            "json": "{\n  \"Version\": \"2012-10-17\",\n  \"Statement\": [\n    {\n      \"Effect\": \"Allow\",\n      \"Action\": [\n        \"sts:TagSession\",\n        \"sts:AssumeRole\"\n      ],\n      \"Principal\": {\n        \"Service\": \"pods.eks.amazonaws.com\"\n      }\n    }\n  ]\n}",
            "minified_json": "{\"Version\":\"2012-10-17\",\"Statement\":[{\"Effect\":\"Allow\",\"Action\":[\"sts:TagSession\",\"sts:AssumeRole\"],\"Principal\":{\"Service\":\"pods.eks.amazonaws.com\"}}]}",
            "override_json": null,
            "override_policy_documents": null,
            "policy_id": null,
            "source_json": null,
            "source_policy_documents": null,
            "statement": [
              {
                "actions": [
                  "sts:AssumeRole",
                  "sts:TagSession"
                ],
                "condition": [],
                "effect": "Allow",
                "not_actions": [],
                "not_principals": [],
                "not_resources": [],
                "principals": [
                  {
                    "identifiers": [
                      "pods.eks.amazonaws.com"
                    ],
                    "type": "Service"
                  }
                ],
                "resources": [],
                "sid": ""
              }
            ],
            "version": "2012-10-17"
          },
          "sensitive_attributes": []
        }
      ]
    },
    {
      "mode": "data",
      "type": "aws_iam_policy_document",
      "name": "efs_csi_driver",
      "provider": "provider[\"registry.terraform.io/hashicorp/aws\"]",
      "instances": [
        {
          "schema_version": 0,
          "attributes": {
            "id": "415929555",
            "json": "{\n  \"Version\": \"2012-10-17\",\n  \"Statement\": [\n    {\n      \"Effect\": \"Allow\",\n      \"Action\": \"sts:AssumeRoleWithWebIdentity\",\n      \"Principal\": {\n        \"Federated\": \"arn:aws:iam::228717161587:oidc-provider/oidc.eks.us-east-2.amazonaws.com/id/0F63B269CAD114340576EA8D26575D54\"\n      },\n      \"Condition\": {\n        \"StringEquals\": {\n          \"oidc.eks.us-east-2.amazonaws.com/id/0F63B269CAD114340576EA8D26575D54:sub\": \"system:serviceaccount:kube-system:efs-csi-controller-sa\"\n        }\n      }\n    }\n  ]\n}",
            "minified_json": "{\"Version\":\"2012-10-17\",\"Statement\":[{\"Effect\":\"Allow\",\"Action\":\"sts:AssumeRoleWithWebIdentity\",\"Principal\":{\"Federated\":\"arn:aws:iam::228717161587:oidc-provider/oidc.eks.us-east-2.amazonaws.com/id/0F63B269CAD114340576EA8D26575D54\"},\"Condition\":{\"StringEquals\":{\"oidc.eks.us-east-2.amazonaws.com/id/0F63B269CAD114340576EA8D26575D54:sub\":\"system:serviceaccount:kube-system:efs-csi-controller-sa\"}}}]}",
            "override_json": null,
            "override_policy_documents": null,
            "policy_id": null,
            "source_json": null,
            "source_policy_documents": null,
            "statement": [
              {
                "actions": [
                  "sts:AssumeRoleWithWebIdentity"
                ],
                "condition": [
                  {
                    "test": "StringEquals",
                    "values": [
                      "system:serviceaccount:kube-system:efs-csi-controller-sa"
                    ],
                    "variable": "oidc.eks.us-east-2.amazonaws.com/id/0F63B269CAD114340576EA8D26575D54:sub"
                  }
                ],
                "effect": "Allow",
                "not_actions": [],
                "not_principals": [],
                "not_resources": [],
                "principals": [
                  {
                    "identifiers": [
                      "arn:aws:iam::228717161587:oidc-provider/oidc.eks.us-east-2.amazonaws.com/id/0F63B269CAD114340576EA8D26575D54"
                    ],
                    "type": "Federated"
                  }
                ],
                "resources": [],
                "sid": ""
              }
            ],
            "version": "2012-10-17"
          },
          "sensitive_attributes": []
        }
      ]
    },
    {
      "mode": "data",
      "type": "aws_iam_policy_document",
      "name": "grafana_demo",
      "provider": "provider[\"registry.terraform.io/hashicorp/aws\"]",
      "instances": [
        {
          "schema_version": 0,
          "attributes": {
            "id": "2540242962",
            "json": "{\n  \"Version\": \"2012-10-17\",\n  \"Statement\": [\n    {\n      \"Effect\": \"Allow\",\n      \"Action\": \"sts:AssumeRoleWithWebIdentity\",\n      \"Principal\": {\n        \"Federated\": \"arn:aws:iam::228717161587:oidc-provider/oidc.eks.us-east-2.amazonaws.com/id/0F63B269CAD114340576EA8D26575D54\"\n      },\n      \"Condition\": {\n        \"StringEquals\": {\n          \"oidc.eks.us-east-2.amazonaws.com/id/0F63B269CAD114340576EA8D26575D54:sub\": \"system:serviceaccount:monitoring:grafana\"\n        }\n      }\n    }\n  ]\n}",
            "minified_json": "{\"Version\":\"2012-10-17\",\"Statement\":[{\"Effect\":\"Allow\",\"Action\":\"sts:AssumeRoleWithWebIdentity\",\"Principal\":{\"Federated\":\"arn:aws:iam::228717161587:oidc-provider/oidc.eks.us-east-2.amazonaws.com/id/0F63B269CAD114340576EA8D26575D54\"},\"Condition\":{\"StringEquals\":{\"oidc.eks.us-east-2.amazonaws.com/id/0F63B269CAD114340576EA8D26575D54:sub\":\"system:serviceaccount:monitoring:grafana\"}}}]}",
            "override_json": null,
            "override_policy_documents": null,
            "policy_id": null,
            "source_json": null,
            "source_policy_documents": null,
            "statement": [
              {
                "actions": [
                  "sts:AssumeRoleWithWebIdentity"
                ],
                "condition": [
                  {
                    "test": "StringEquals",
                    "values": [
                      "system:serviceaccount:monitoring:grafana"
                    ],
                    "variable": "oidc.eks.us-east-2.amazonaws.com/id/0F63B269CAD114340576EA8D26575D54:sub"
                  }
                ],
                "effect": "Allow",
                "not_actions": [],
                "not_principals": [],
                "not_resources": [],
                "principals": [
                  {
                    "identifiers": [
                      "arn:aws:iam::228717161587:oidc-provider/oidc.eks.us-east-2.amazonaws.com/id/0F63B269CAD114340576EA8D26575D54"
                    ],
                    "type": "Federated"
                  }
                ],
                "resources": [],
                "sid": ""
              }
            ],
            "version": "2012-10-17"
          },
          "sensitive_attributes": []
        }
      ]
    },
    {
      "mode": "data",
      "type": "aws_iam_policy_document",
      "name": "myapp_secrets",
      "provider": "provider[\"registry.terraform.io/hashicorp/aws\"]",
      "instances": [
        {
          "schema_version": 0,
          "attributes": {
            "id": "1869560972",
            "json": "{\n  \"Version\": \"2012-10-17\",\n  \"Statement\": [\n    {\n      \"Effect\": \"Allow\",\n      \"Action\": \"sts:AssumeRoleWithWebIdentity\",\n      \"Principal\": {\n        \"Federated\": \"arn:aws:iam::228717161587:oidc-provider/oidc.eks.us-east-2.amazonaws.com/id/0F63B269CAD114340576EA8D26575D54\"\n      },\n      \"Condition\": {\n        \"StringEquals\": {\n          \"oidc.eks.us-east-2.amazonaws.com/id/0F63B269CAD114340576EA8D26575D54:sub\": \"system:serviceaccount:12-example:myapp\"\n        }\n      }\n    }\n  ]\n}",
            "minified_json": "{\"Version\":\"2012-10-17\",\"Statement\":[{\"Effect\":\"Allow\",\"Action\":\"sts:AssumeRoleWithWebIdentity\",\"Principal\":{\"Federated\":\"arn:aws:iam::228717161587:oidc-provider/oidc.eks.us-east-2.amazonaws.com/id/0F63B269CAD114340576EA8D26575D54\"},\"Condition\":{\"StringEquals\":{\"oidc.eks.us-east-2.amazonaws.com/id/0F63B269CAD114340576EA8D26575D54:sub\":\"system:serviceaccount:12-example:myapp\"}}}]}",
            "override_json": null,
            "override_policy_documents": null,
            "policy_id": null,
            "source_json": null,
            "source_policy_documents": null,
            "statement": [
              {
                "actions": [
                  "sts:AssumeRoleWithWebIdentity"
                ],
                "condition": [
                  {
                    "test": "StringEquals",
                    "values": [
                      "system:serviceaccount:12-example:myapp"
                    ],
                    "variable": "oidc.eks.us-east-2.amazonaws.com/id/0F63B269CAD114340576EA8D26575D54:sub"
                  }
                ],
                "effect": "Allow",
                "not_actions": [],
                "not_principals": [],
                "not_resources": [],
                "principals": [
                  {
                    "identifiers": [
                      "arn:aws:iam::228717161587:oidc-provider/oidc.eks.us-east-2.amazonaws.com/id/0F63B269CAD114340576EA8D26575D54"
                    ],
                    "type": "Federated"
                  }
                ],
                "resources": [],
                "sid": ""
              }
            ],
            "version": "2012-10-17"
          },
          "sensitive_attributes": []
        }
      ]
    },
    {
      "mode": "data",
      "type": "aws_iam_policy_document",
      "name": "prometheus_demo",
      "provider": "provider[\"registry.terraform.io/hashicorp/aws\"]",
      "instances": [
        {
          "schema_version": 0,
          "attributes": {
            "id": "2435867501",
            "json": "{\n  \"Version\": \"2012-10-17\",\n  \"Statement\": [\n    {\n      \"Effect\": \"Allow\",\n      \"Action\": \"sts:AssumeRoleWithWebIdentity\",\n      \"Principal\": {\n        \"Federated\": \"arn:aws:iam::228717161587:oidc-provider/oidc.eks.us-east-2.amazonaws.com/id/0F63B269CAD114340576EA8D26575D54\"\n      },\n      \"Condition\": {\n        \"StringEquals\": {\n          \"oidc.eks.us-east-2.amazonaws.com/id/0F63B269CAD114340576EA8D26575D54:sub\": \"system:serviceaccount:monitoring:prometheus\"\n        }\n      }\n    }\n  ]\n}",
            "minified_json": "{\"Version\":\"2012-10-17\",\"Statement\":[{\"Effect\":\"Allow\",\"Action\":\"sts:AssumeRoleWithWebIdentity\",\"Principal\":{\"Federated\":\"arn:aws:iam::228717161587:oidc-provider/oidc.eks.us-east-2.amazonaws.com/id/0F63B269CAD114340576EA8D26575D54\"},\"Condition\":{\"StringEquals\":{\"oidc.eks.us-east-2.amazonaws.com/id/0F63B269CAD114340576EA8D26575D54:sub\":\"system:serviceaccount:monitoring:prometheus\"}}}]}",
            "override_json": null,
            "override_policy_documents": null,
            "policy_id": null,
            "source_json": null,
            "source_policy_documents": null,
            "statement": [
              {
                "actions": [
                  "sts:AssumeRoleWithWebIdentity"
                ],
                "condition": [
                  {
                    "test": "StringEquals",
                    "values": [
                      "system:serviceaccount:monitoring:prometheus"
                    ],
                    "variable": "oidc.eks.us-east-2.amazonaws.com/id/0F63B269CAD114340576EA8D26575D54:sub"
                  }
                ],
                "effect": "Allow",
                "not_actions": [],
                "not_principals": [],
                "not_resources": [],
                "principals": [
                  {
                    "identifiers": [
                      "arn:aws:iam::228717161587:oidc-provider/oidc.eks.us-east-2.amazonaws.com/id/0F63B269CAD114340576EA8D26575D54"
                    ],
                    "type": "Federated"
                  }
                ],
                "resources": [],
                "sid": ""
              }
            ],
            "version": "2012-10-17"
          },
          "sensitive_attributes": []
        }
      ]
    },
    {
      "mode": "data",
      "type": "tls_certificate",
      "name": "eks",
      "provider": "provider[\"registry.terraform.io/hashicorp/tls\"]",
      "instances": [
        {
          "schema_version": 0,
          "attributes": {
            "certificates": [
              {
                "cert_pem": "-----BEGIN CERTIFICATE-----\nMIIEdTCCA12gAwIBAgIJAKcOSkw0grd/MA0GCSqGSIb3DQEBCwUAMGgxCzAJBgNV\nBAYTAlVTMSUwIwYDVQQKExxTdGFyZmllbGQgVGVjaG5vbG9naWVzLCBJbmMuMTIw\nMAYDVQQLEylTdGFyZmllbGQgQ2xhc3MgMiBDZXJ0aWZpY2F0aW9uIEF1dGhvcml0\neTAeFw0wOTA5MDIwMDAwMDBaFw0zNDA2MjgxNzM5MTZaMIGYMQswCQYDVQQGEwJV\nUzEQMA4GA1UECBMHQXJpem9uYTETMBEGA1UEBxMKU2NvdHRzZGFsZTElMCMGA1UE\nChMcU3RhcmZpZWxkIFRlY2hub2xvZ2llcywgSW5jLjE7MDkGA1UEAxMyU3RhcmZp\nZWxkIFNlcnZpY2VzIFJvb3QgQ2VydGlmaWNhdGUgQXV0aG9yaXR5IC0gRzIwggEi\nMA0GCSqGSIb3DQEBAQUAA4IBDwAwggEKAoIBAQDVDDrEKvlO4vW+GZdfjohTsR8/\ny8+fIBNtKTrID30892t2OGPZNmCom15cAICyL1l/9of5JUOG52kbUpqQ4XHj2C0N\nTm/2yEnZtvMaVq4rtnQU68/7JuMauh2WLmo7WJSJR1b/JaCTcFOD2oR0FMNnngRo\nOt+OQFodSk7PQ5E751bWAHDLUu57fa4657wx+UX2wmDPE1kCK4DMNEffud6QZW0C\nzyyRpqbn3oUYSXxmTqM6bam17jQuug0DuDPfR+uxa40l2ZvOgdFFRjKWcIfeAg5J\nQ4W2bHO7ZOphQazJ1FTfhy/HIrImzJ9ZVGif/L4qL8RVHHVAYBeFAlU5i38FAgMB\nAAGjgfAwge0wDwYDVR0TAQH/BAUwAwEB/zAOBgNVHQ8BAf8EBAMCAYYwHQYDVR0O\nBBYEFJxfAN+qAdcwKziIorhtSpzyEZGDMB8GA1UdIwQYMBaAFL9ft9HO3R+G9FtV\nrNzXEMIOqYjnME8GCCsGAQUFBwEBBEMwQTAcBggrBgEFBQcwAYYQaHR0cDovL28u\nc3MyLnVzLzAhBggrBgEFBQcwAoYVaHR0cDovL3guc3MyLnVzL3guY2VyMCYGA1Ud\nHwQfMB0wG6AZoBeGFWh0dHA6Ly9zLnNzMi51cy9yLmNybDARBgNVHSAECjAIMAYG\nBFUdIAAwDQYJKoZIhvcNAQELBQADggEBACMd44pXyn3pF3lM8R5V/cxTbj5HD9/G\nVfKyBDbtgB9TxF00KGu+x1X8Z+rLP3+QsjPNG1gQggL4+C/1E2DUBc7xgQjB3ad1\nl08YuW3e95ORCLp+QCztweq7dp4zBncdDQh/U90bZKuCJ/Fp1U1ervShw3WnWEQt\n8jxwmKy6abaVd38PMV4s/KCHOkdp8Hlf9BRUpJVeEXgSYCfOn8J3/yNTd126/+pZ\n59vPr5KW7ySaNRB6nJHGDn2Z9j8Z3/VyVOEVqQdZe4O/Ui5GjLIAZHYcSNPYeehu\nVsyuLAOQ1xk4meTKCRlb/weWsKh/NEnfVqn3sF/tM+2MR7cwA130A4w=\n-----END CERTIFICATE-----\n",
                "is_ca": true,
                "issuer": "OU=Starfield Class 2 Certification Authority,O=Starfield Technologies\\, Inc.,C=US",
                "not_after": "2034-06-28T17:39:16Z",
                "not_before": "2009-09-02T00:00:00Z",
                "public_key_algorithm": "RSA",
                "serial_number": "12037640545166866303",
                "sha1_fingerprint": "9e99a48a9960b14926bb7f3b02e22da2b0ab7280",
                "signature_algorithm": "SHA256-RSA",
                "subject": "CN=Starfield Services Root Certificate Authority - G2,O=Starfield Technologies\\, Inc.,L=Scottsdale,ST=Arizona,C=US",
                "version": 3
              },
              {
                "cert_pem": "-----BEGIN CERTIFICATE-----\nMIIEkjCCA3qgAwIBAgITBn+USionzfP6wq4rAfkI7rnExjANBgkqhkiG9w0BAQsF\nADCBmDELMAkGA1UEBhMCVVMxEDAOBgNVBAgTB0FyaXpvbmExEzARBgNVBAcTClNj\nb3R0c2RhbGUxJTAjBgNVBAoTHFN0YXJmaWVsZCBUZWNobm9sb2dpZXMsIEluYy4x\nOzA5BgNVBAMTMlN0YXJmaWVsZCBTZXJ2aWNlcyBSb290IENlcnRpZmljYXRlIEF1\ndGhvcml0eSAtIEcyMB4XDTE1MDUyNTEyMDAwMFoXDTM3MTIzMTAxMDAwMFowOTEL\nMAkGA1UEBhMCVVMxDzANBgNVBAoTBkFtYXpvbjEZMBcGA1UEAxMQQW1hem9uIFJv\nb3QgQ0EgMTCCASIwDQYJKoZIhvcNAQEBBQADggEPADCCAQoCggEBALJ4gHHKeNXj\nca9HgFB0fW7Y14h29Jlo91ghYPl0hAEvrAIthtOgQ3pOsqTQNroBvo3bSMgHFzZM\n9O6II8c+6zf1tRn4SWiw3te5djgdYZ6k/oI2peVKVuRF4fn9tBb6dNqcmzU5L/qw\nIFAGbHrQgLKm+a/sRxmPUDgH3KKHOVj4utWp+UhnMJbulHheb4mjUcAwhmahRWa6\nVOujw5H5SNz/0egwLX0tdHA114gk957EWW67c4cX8jJGKLhD+rcdqsq08p8kDi1L\n93FcXmn/6pUCyziKrlA4b9v7LWIbxcceVOF34GfID5yHI9Y/QCB/IIDEgEw+OyQm\njgSubJrIqg0CAwEAAaOCATEwggEtMA8GA1UdEwEB/wQFMAMBAf8wDgYDVR0PAQH/\nBAQDAgGGMB0GA1UdDgQWBBSEGMyFNOy8DJSULghZnMeyEE4KCDAfBgNVHSMEGDAW\ngBScXwDfqgHXMCs4iKK4bUqc8hGRgzB4BggrBgEFBQcBAQRsMGowLgYIKwYBBQUH\nMAGGImh0dHA6Ly9vY3NwLnJvb3RnMi5hbWF6b250cnVzdC5jb20wOAYIKwYBBQUH\nMAKGLGh0dHA6Ly9jcnQucm9vdGcyLmFtYXpvbnRydXN0LmNvbS9yb290ZzIuY2Vy\nMD0GA1UdHwQ2MDQwMqAwoC6GLGh0dHA6Ly9jcmwucm9vdGcyLmFtYXpvbnRydXN0\nLmNvbS9yb290ZzIuY3JsMBEGA1UdIAQKMAgwBgYEVR0gADANBgkqhkiG9w0BAQsF\nAAOCAQEAYjdCXLwQtT6LLOkMm2xF4gcAevnFWAu5CIw+7bMlPLVvUOTNNWqnkzSW\nMiGpSESrnO09tKpzbeR/FoCJbM8oAxiDR3mjEH4wW6w7sGDgd9QIpuEdfF7Au/ma\neyKdpwAJfqxGF4PcnCZXmTA5YpaP7dreqsXMGz7KQ2hsVxa81Q4gLv7/wmpdLqBK\nbRRYh5TmOTFffHPLkIhqhBGWJ6bt2YFGpn6jcgAKUj6DiAdjd4lpFw85hdKrCEVN\n0FE6/V1dN2RMfjCyVSRCnTawXZwXgWHxyvkQAiSr6w10kY17RSlQOYiypok1JR4U\nakcjMS9cmvqtmg5iUaQqqcT5NJ0hGA==\n-----END CERTIFICATE-----\n",
                "is_ca": true,
                "issuer": "CN=Starfield Services Root Certificate Authority - G2,O=Starfield Technologies\\, Inc.,L=Scottsdale,ST=Arizona,C=US",
                "not_after": "2037-12-31T01:00:00Z",
                "not_before": "2015-05-25T12:00:00Z",
                "public_key_algorithm": "RSA",
                "serial_number": "144918191876577076464031512351042010504348870",
                "sha1_fingerprint": "06b25927c42a721631c1efd9431e648fa62e1e39",
                "signature_algorithm": "SHA256-RSA",
                "subject": "CN=Amazon Root CA 1,O=Amazon,C=US",
                "version": 3
              },
              {
                "cert_pem": "-----BEGIN CERTIFICATE-----\nMIIEXjCCA0agAwIBAgITB3MSTNQG0mfAmRzdKZqfODF5hTANBgkqhkiG9w0BAQsF\nADA5MQswCQYDVQQGEwJVUzEPMA0GA1UEChMGQW1hem9uMRkwFwYDVQQDExBBbWF6\nb24gUm9vdCBDQSAxMB4XDTIyMDgyMzIyMjYwNFoXDTMwMDgyMzIyMjYwNFowPDEL\nMAkGA1UEBhMCVVMxDzANBgNVBAoTBkFtYXpvbjEcMBoGA1UEAxMTQW1hem9uIFJT\nQSAyMDQ4IE0wMzCCASIwDQYJKoZIhvcNAQEBBQADggEPADCCAQoCggEBALd/pVko\n8vuM475Tf45HV3BbCl/B9Jy89G1CRkFjcPY06WA9lS+7dWbUA7GtWUKoksr69hKM\nwcMsNpxlw7b3jeXFgxB09/nmalcAWtnLzF+LaDKEA5DQmvKzuh1nfIfqEiKCQSmX\nXh09Xs+dO7cm5qbaL2hhNJCSAejciwcvOFgFNgEMR42wm6KIFHsQW28jhA+1u/M0\np6fVwReuEgZfLfdx82Px0LJck3lST3EB/JfbdsdOzzzg5YkY1dfuqf8y5fUeZ7Cz\nWXbTjujwX/TovmeWKA36VLCz75azW6tDNuDn66FOpADZZ9omVaF6BqNJiLMVl6P3\n/c0OiUMC6Z5OfKcCAwEAAaOCAVowggFWMBIGA1UdEwEB/wQIMAYBAf8CAQAwDgYD\nVR0PAQH/BAQDAgGGMB0GA1UdJQQWMBQGCCsGAQUFBwMBBggrBgEFBQcDAjAdBgNV\nHQ4EFgQUVdkYX9IczAHhWLS+q9lVQgHXLgIwHwYDVR0jBBgwFoAUhBjMhTTsvAyU\nlC4IWZzHshBOCggwewYIKwYBBQUHAQEEbzBtMC8GCCsGAQUFBzABhiNodHRwOi8v\nb2NzcC5yb290Y2ExLmFtYXpvbnRydXN0LmNvbTA6BggrBgEFBQcwAoYuaHR0cDov\nL2NydC5yb290Y2ExLmFtYXpvbnRydXN0LmNvbS9yb290Y2ExLmNlcjA/BgNVHR8E\nODA2MDSgMqAwhi5odHRwOi8vY3JsLnJvb3RjYTEuYW1hem9udHJ1c3QuY29tL3Jv\nb3RjYTEuY3JsMBMGA1UdIAQMMAowCAYGZ4EMAQIBMA0GCSqGSIb3DQEBCwUAA4IB\nAQAGjeWm2cC+3z2MzSCnte46/7JZvj3iQZDY7EvODNdZF41n71Lrk9kbfNwerK0d\nVNzW36Wefr7j7ZSwBVg50W5ay65jNSN74TTQV1yt4WnSbVvN6KlMs1hiyOZdoHKs\nKDV2UGNxbdoBYCQNa2GYF8FQIWLugNp35aSOpMy6cFlymFQomIrnOQHwK1nvVY4q\nxDSJMU/gNJz17D8ArPN3ngnyZ2TwepJ0uBINz3G5te2rdFUF4i4Y3Bb7FUlHDYm4\nu8aIRGpk2ZpfXmxaoxnbIBZRvGLPSUuPwnwoUOMsJ8jirI5vs2dvchPb7MtI1rle\ni02f2ivH2vxkjDLltSpe2fiC\n-----END CERTIFICATE-----\n",
                "is_ca": true,
                "issuer": "CN=Amazon Root CA 1,O=Amazon,C=US",
                "not_after": "2030-08-23T22:26:04Z",
                "not_before": "2022-08-23T22:26:04Z",
                "public_key_algorithm": "RSA",
                "serial_number": "166129356476704345391986644047206454194698629",
                "sha1_fingerprint": "d9fe0a65fa00cabf61f5120d373a8135e1461f15",
                "signature_algorithm": "SHA256-RSA",
                "subject": "CN=Amazon RSA 2048 M03,O=Amazon,C=US",
                "version": 3
              },
              {
                "cert_pem": "-----BEGIN CERTIFICATE-----\nMIIF6TCCBNGgAwIBAgIQC1pmj3MJbfdZEwuZaK0yeDANBgkqhkiG9w0BAQsFADA8\nMQswCQYDVQQGEwJVUzEPMA0GA1UEChMGQW1hem9uMRwwGgYDVQQDExNBbWF6b24g\nUlNBIDIwNDggTTAzMB4XDTI0MDMyNzAwMDAwMFoXDTI1MDQyNTIzNTk1OVowKDEm\nMCQGA1UEAwwdKi5la3MudXMtZWFzdC0yLmFtYXpvbmF3cy5jb20wggEiMA0GCSqG\nSIb3DQEBAQUAA4IBDwAwggEKAoIBAQCyfP2lMr2GZr3NlTFQcpZ1LcOH8Zao627X\ntI4MO+P1IarmDJT7rne8+pjduGWhmddZmN8IcpiDCREoFvyf2jC5Lk0CwRnzLIhZ\nj6vd75gFCWJFzKnfz6F/xtUudATESARr/E8JlsScKY5eoqHPRPqMgzW6HFY46ONu\nBN8pk3iA6S8tN2LvF/aWUc8J546V1Zrruw2h3FvGAQtqDxBgcA/SwXjiIO6+4D8P\ntu0qdTlA7/AS8ph1tJDQ5Xv4wG0ZJ5uMm9S9pS/3SPWMEkTKNp+QpNMGYvX7sure\n0oqX+oJIDC9IbKIscrsmkAwqS7PWFWszpojo8Ur/62RmLQOiJ/PXAgMBAAGjggL5\nMIIC9TAfBgNVHSMEGDAWgBRV2Rhf0hzMAeFYtL6r2VVCAdcuAjAdBgNVHQ4EFgQU\npytkck5Jdaa1DjuIJMpyBxd3ztMwKAYDVR0RBCEwH4IdKi5la3MudXMtZWFzdC0y\nLmFtYXpvbmF3cy5jb20wEwYDVR0gBAwwCjAIBgZngQwBAgEwDgYDVR0PAQH/BAQD\nAgWgMB0GA1UdJQQWMBQGCCsGAQUFBwMBBggrBgEFBQcDAjA7BgNVHR8ENDAyMDCg\nLqAshipodHRwOi8vY3JsLnIybTAzLmFtYXpvbnRydXN0LmNvbS9yMm0wMy5jcmww\ndQYIKwYBBQUHAQEEaTBnMC0GCCsGAQUFBzABhiFodHRwOi8vb2NzcC5yMm0wMy5h\nbWF6b250cnVzdC5jb20wNgYIKwYBBQUHMAKGKmh0dHA6Ly9jcnQucjJtMDMuYW1h\nem9udHJ1c3QuY29tL3IybTAzLmNlcjAMBgNVHRMBAf8EAjAAMIIBgQYKKwYBBAHW\neQIEAgSCAXEEggFtAWsAdwBOdaMnXJoQwzhbbNTfP1LrHfDgjhuNacCx+mSxYpo5\n3wAAAY6B4toRAAAEAwBIMEYCIQCL2lZOGqo75PNnFiLldA7Gd39egtnXDTY+HHYO\n++O98gIhALSzX7cp+Y17fzfL5TAFWZm0+/7LFdyrQEEsgntEXCdTAHcAfVkeEuF4\nKnscYWd8Xv340IdcFKBOlZ65Ay/ZDowuebgAAAGOgeLZyAAABAMASDBGAiEA2EeA\nVUmkO2biyHSh0v+5Uo/NRG53wDwMKBRMLB+03oYCIQCBdgI4o8mFSYNASwhYKGWP\nIt5yi7Hmoi1pFefYiBmGbAB3AObSMWNAd4zBEEEG13G5zsHSQPaWhIb7uocyHf0e\nN45QAAABjoHi2dgAAAQDAEgwRgIhAK2MT0pX3Et7hx26gxiJwGj7u3v/9xMJHVhK\nC5fnxlfNAiEAizPUX2b3GrMeYnINHOy98KbPvkCzGHtN6qcdbf7w3T8wDQYJKoZI\nhvcNAQELBQADggEBAKknRf08AG7Hpn2h4HOyZPC0weNsrS/c8VIXRRSFth1nxQsZ\nyscbVOiJ6j7M6VvfjEmvsL7tvj3UlWmxJuadatX9HIX2KT2mq1fJxv/kX0laHtGl\nWbP3+CYHYCnZf8yPV7EaRJB2AtbGwV7rBd6mb9tDy2uAouTeANQi2XNVoCvGNkSQ\n/zIt0K+TA+efYW3wGhFuMHJOnwJ0a4mXwI7rHclijeztb680ga+F+Indpp5pMmsr\neNyO2TImDxtfDd/l8z2qNDzpyXIeSt2JgORnO5AjGC0EWD2p/hIsLCbG+QnB5IYo\nwHAg3LNrgxkdOWoY23z/WYylg4DdPzPT1SuHKYk=\n-----END CERTIFICATE-----\n",
                "is_ca": false,
                "issuer": "CN=Amazon RSA 2048 M03,O=Amazon,C=US",
                "not_after": "2025-04-25T23:59:59Z",
                "not_before": "2024-03-27T00:00:00Z",
                "public_key_algorithm": "RSA",
                "serial_number": "15090894841911196861235261040086561400",
                "sha1_fingerprint": "32f9e66ae934e90332545a9e7494591af3f34938",
                "signature_algorithm": "SHA256-RSA",
                "subject": "CN=*.eks.us-east-2.amazonaws.com",
                "version": 3
              }
            ],
            "content": null,
            "id": "41c9ad86376859231a2244535dff0f089ba892cb",
            "url": "https://oidc.eks.us-east-2.amazonaws.com/id/0F63B269CAD114340576EA8D26575D54",
            "verify_chain": true
          },
          "sensitive_attributes": []
        }
      ]
    },
    {
      "mode": "managed",
      "type": "aws_cloudwatch_log_group",
      "name": "prometheus_demo",
      "provider": "provider[\"registry.terraform.io/hashicorp/aws\"]",
      "instances": [
        {
          "schema_version": 0,
          "attributes": {
            "arn": "arn:aws:logs:us-east-2:228717161587:log-group:/aws/prometheus/demo",
            "id": "/aws/prometheus/demo",
            "kms_key_id": "",
            "log_group_class": "STANDARD",
            "name": "/aws/prometheus/demo",
            "name_prefix": "",
            "retention_in_days": 14,
            "skip_destroy": false,
            "tags": {},
            "tags_all": {}
          },
          "sensitive_attributes": [],
          "private": "bnVsbA=="
        }
      ]
    },
    {
      "mode": "managed",
      "type": "aws_efs_file_system",
      "name": "eks",
      "provider": "provider[\"registry.terraform.io/hashicorp/aws\"]",
      "instances": [
        {
          "schema_version": 0,
          "attributes": {
            "arn": "arn:aws:elasticfilesystem:us-east-2:228717161587:file-system/fs-0937f27a1d0dbdd1a",
            "availability_zone_id": "",
            "availability_zone_name": "",
            "creation_token": "eks",
            "dns_name": "fs-0937f27a1d0dbdd1a.efs.us-east-2.amazonaws.com",
            "encrypted": true,
            "id": "fs-0937f27a1d0dbdd1a",
            "kms_key_id": "arn:aws:kms:us-east-2:228717161587:key/c90cb19b-3361-49b8-8d24-971d77993521",
            "lifecycle_policy": [],
            "name": "",
            "number_of_mount_targets": 2,
            "owner_id": "228717161587",
            "performance_mode": "generalPurpose",
            "protection": [
              {
                "replication_overwrite": "ENABLED"
              }
            ],
            "provisioned_throughput_in_mibps": 0,
            "size_in_bytes": [
              {
                "value": 6144,
                "value_in_ia": 0,
                "value_in_standard": 6144
              }
            ],
            "tags": {},
            "tags_all": {},
            "throughput_mode": "bursting"
          },
          "sensitive_attributes": [],
          "private": "bnVsbA=="
        }
      ]
    },
    {
      "mode": "managed",
      "type": "aws_efs_mount_target",
      "name": "zone_a",
      "provider": "provider[\"registry.terraform.io/hashicorp/aws\"]",
      "instances": [
        {
          "schema_version": 0,
          "attributes": {
            "availability_zone_id": "use2-az1",
            "availability_zone_name": "us-east-2a",
            "dns_name": "fs-0937f27a1d0dbdd1a.efs.us-east-2.amazonaws.com",
            "file_system_arn": "arn:aws:elasticfilesystem:us-east-2:228717161587:file-system/fs-0937f27a1d0dbdd1a",
            "file_system_id": "fs-0937f27a1d0dbdd1a",
            "id": "fsmt-094b4a100f5e20e37",
            "ip_address": "10.0.22.146",
            "mount_target_dns_name": "us-east-2a.fs-0937f27a1d0dbdd1a.efs.us-east-2.amazonaws.com",
            "network_interface_id": "eni-052956e1b6fa1f4cc",
            "owner_id": "228717161587",
            "security_groups": [
              "sg-0abf887071cde8b53"
            ],
            "subnet_id": "subnet-0078f226c805e6f83",
            "timeouts": null
          },
          "sensitive_attributes": [],
          "private": "eyJlMmJmYjczMC1lY2FhLTExZTYtOGY4OC0zNDM2M2JjN2M0YzAiOnsiY3JlYXRlIjoxODAwMDAwMDAwMDAwLCJkZWxldGUiOjYwMDAwMDAwMDAwMH19",
          "dependencies": [
            "aws_efs_file_system.eks",
            "aws_eks_cluster.eks",
            "aws_iam_role.eks",
            "aws_iam_role_policy_attachment.eks",
            "aws_subnet.private_zone1",
            "aws_subnet.private_zone2",
            "aws_vpc.main"
          ]
        }
      ]
    },
    {
      "mode": "managed",
      "type": "aws_efs_mount_target",
      "name": "zone_b",
      "provider": "provider[\"registry.terraform.io/hashicorp/aws\"]",
      "instances": [
        {
          "schema_version": 0,
          "attributes": {
            "availability_zone_id": "use2-az2",
            "availability_zone_name": "us-east-2b",
            "dns_name": "fs-0937f27a1d0dbdd1a.efs.us-east-2.amazonaws.com",
            "file_system_arn": "arn:aws:elasticfilesystem:us-east-2:228717161587:file-system/fs-0937f27a1d0dbdd1a",
            "file_system_id": "fs-0937f27a1d0dbdd1a",
            "id": "fsmt-059a0f469609b1ff4",
            "ip_address": "10.0.57.230",
            "mount_target_dns_name": "us-east-2b.fs-0937f27a1d0dbdd1a.efs.us-east-2.amazonaws.com",
            "network_interface_id": "eni-0299799d4f41c4eb6",
            "owner_id": "228717161587",
            "security_groups": [
              "sg-0abf887071cde8b53"
            ],
            "subnet_id": "subnet-08ddeff16bd076f6c",
            "timeouts": null
          },
          "sensitive_attributes": [],
          "private": "eyJlMmJmYjczMC1lY2FhLTExZTYtOGY4OC0zNDM2M2JjN2M0YzAiOnsiY3JlYXRlIjoxODAwMDAwMDAwMDAwLCJkZWxldGUiOjYwMDAwMDAwMDAwMH19",
          "dependencies": [
            "aws_efs_file_system.eks",
            "aws_eks_cluster.eks",
            "aws_iam_role.eks",
            "aws_iam_role_policy_attachment.eks",
            "aws_subnet.private_zone1",
            "aws_subnet.private_zone2",
            "aws_vpc.main"
          ]
        }
      ]
    },
    {
      "mode": "managed",
      "type": "aws_eip",
      "name": "nat",
      "provider": "provider[\"registry.terraform.io/hashicorp/aws\"]",
      "instances": [
        {
          "schema_version": 0,
          "attributes": {
            "address": null,
            "allocation_id": "eipalloc-098800860c4dad394",
            "arn": "arn:aws:ec2:us-east-2:228717161587:elastic-ip/eipalloc-098800860c4dad394",
            "associate_with_private_ip": null,
            "association_id": "eipassoc-06d3ae9e507f55433",
            "carrier_ip": "",
            "customer_owned_ip": "",
            "customer_owned_ipv4_pool": "",
            "domain": "vpc",
            "id": "eipalloc-098800860c4dad394",
            "instance": "",
            "network_border_group": "us-east-2",
            "network_interface": "eni-0ee05519d8ee2ffac",
            "private_dns": "ip-10-0-70-46.us-east-2.compute.internal",
            "private_ip": "10.0.70.46",
            "ptr_record": "",
            "public_dns": "ec2-3-146-200-14.us-east-2.compute.amazonaws.com",
            "public_ip": "3.146.200.14",
            "public_ipv4_pool": "amazon",
            "tags": {
              "Name": "staging-nat"
            },
            "tags_all": {
              "Name": "staging-nat"
            },
            "timeouts": null,
            "vpc": true
          },
          "sensitive_attributes": [],
          "private": "eyJlMmJmYjczMC1lY2FhLTExZTYtOGY4OC0zNDM2M2JjN2M0YzAiOnsiZGVsZXRlIjoxODAwMDAwMDAwMDAsInJlYWQiOjkwMDAwMDAwMDAwMCwidXBkYXRlIjozMDAwMDAwMDAwMDB9fQ=="
        }
      ]
    },
    {
      "mode": "managed",
      "type": "aws_eks_access_entry",
      "name": "develop",
      "provider": "provider[\"registry.terraform.io/hashicorp/aws\"]",
      "instances": [
        {
          "schema_version": 0,
          "attributes": {
            "access_entry_arn": "arn:aws:eks:us-east-2:228717161587:access-entry/staging-demo/user/228717161587/developer/f0c95993-d7de-5641-e9fc-6aeebdeb01c9",
            "cluster_name": "staging-demo",
            "created_at": "2024-10-22T07:36:15Z",
            "id": "staging-demo:arn:aws:iam::228717161587:user/developer",
            "kubernetes_groups": [
              "my-viewer"
            ],
            "modified_at": "2024-10-22T07:36:15Z",
            "principal_arn": "arn:aws:iam::228717161587:user/developer",
            "tags": {},
            "tags_all": {},
            "timeouts": null,
            "type": "STANDARD",
            "user_name": "arn:aws:iam::228717161587:user/developer"
          },
          "sensitive_attributes": [],
          "private": "eyJlMmJmYjczMC1lY2FhLTExZTYtOGY4OC0zNDM2M2JjN2M0YzAiOnsiY3JlYXRlIjo2MDAwMDAwMDAwMDAsImRlbGV0ZSI6NjAwMDAwMDAwMDAwfX0=",
          "dependencies": [
            "aws_eks_cluster.eks",
            "aws_iam_role.eks",
            "aws_iam_role_policy_attachment.eks",
            "aws_iam_user.developer",
            "aws_subnet.private_zone1",
            "aws_subnet.private_zone2",
            "aws_vpc.main"
          ]
        }
      ]
    },
    {
      "mode": "managed",
      "type": "aws_eks_access_entry",
      "name": "manager",
      "provider": "provider[\"registry.terraform.io/hashicorp/aws\"]",
      "instances": [
        {
          "schema_version": 0,
          "attributes": {
            "access_entry_arn": "arn:aws:eks:us-east-2:228717161587:access-entry/staging-demo/role/228717161587/staging-demo-eks-admin/d6c95993-d799-6241-2083-4887f7d0b7e0",
            "cluster_name": "staging-demo",
            "created_at": "2024-10-22T07:36:15Z",
            "id": "staging-demo:arn:aws:iam::228717161587:role/staging-demo-eks-admin",
            "kubernetes_groups": [
              "my-admin"
            ],
            "modified_at": "2024-10-22T07:36:15Z",
            "principal_arn": "arn:aws:iam::228717161587:role/staging-demo-eks-admin",
            "tags": {},
            "tags_all": {},
            "timeouts": null,
            "type": "STANDARD",
            "user_name": "arn:aws:sts::228717161587:assumed-role/staging-demo-eks-admin/{{SessionName}}"
          },
          "sensitive_attributes": [],
          "private": "eyJlMmJmYjczMC1lY2FhLTExZTYtOGY4OC0zNDM2M2JjN2M0YzAiOnsiY3JlYXRlIjo2MDAwMDAwMDAwMDAsImRlbGV0ZSI6NjAwMDAwMDAwMDAwfX0=",
          "dependencies": [
            "aws_eks_cluster.eks",
            "aws_iam_role.eks",
            "aws_iam_role.eks_admin",
            "aws_iam_role_policy_attachment.eks",
            "aws_subnet.private_zone1",
            "aws_subnet.private_zone2",
            "aws_vpc.main",
            "data.aws_caller_identity.current"
          ]
        }
      ]
    },
    {
      "mode": "managed",
      "type": "aws_eks_addon",
      "name": "ebs_csi_driver",
      "provider": "provider[\"registry.terraform.io/hashicorp/aws\"]",
      "instances": [
        {
          "schema_version": 0,
          "attributes": {
            "addon_name": "aws-ebs-csi-driver",
            "addon_version": "v1.30.0-eksbuild.1",
            "arn": "arn:aws:eks:us-east-2:228717161587:addon/staging-demo/aws-ebs-csi-driver/70c95993-dd4f-03c9-bef3-f874126a6cd5",
            "cluster_name": "staging-demo",
            "configuration_values": "",
            "created_at": "2024-10-22T07:36:18Z",
            "id": "staging-demo:aws-ebs-csi-driver",
            "modified_at": "2024-10-22T07:51:25Z",
            "preserve": null,
            "resolve_conflicts": null,
            "resolve_conflicts_on_create": null,
            "resolve_conflicts_on_update": null,
            "service_account_role_arn": "arn:aws:iam::228717161587:role/staging-demo-ebs-csi-driver",
            "tags": {},
            "tags_all": {},
            "timeouts": null
          },
          "sensitive_attributes": [],
          "private": "eyJlMmJmYjczMC1lY2FhLTExZTYtOGY4OC0zNDM2M2JjN2M0YzAiOnsiY3JlYXRlIjoxMjAwMDAwMDAwMDAwLCJkZWxldGUiOjI0MDAwMDAwMDAwMDAsInVwZGF0ZSI6MTIwMDAwMDAwMDAwMH19",
          "dependencies": [
            "aws_eks_cluster.eks",
            "aws_iam_role.ebs_csi_driver",
            "aws_iam_role.eks",
            "aws_iam_role_policy_attachment.eks",
            "aws_subnet.private_zone1",
            "aws_subnet.private_zone2",
            "aws_vpc.main",
            "data.aws_iam_policy_document.ebs_csi_driver"
          ]
        }
      ]
    },
    {
      "mode": "managed",
      "type": "aws_eks_addon",
      "name": "pod_identity",
      "provider": "provider[\"registry.terraform.io/hashicorp/aws\"]",
      "instances": [
        {
          "schema_version": 0,
          "attributes": {
            "addon_name": "eks-pod-identity-agent",
            "addon_version": "v1.2.0-eksbuild.1",
            "arn": "arn:aws:eks:us-east-2:228717161587:addon/staging-demo/eks-pod-identity-agent/8cc95993-d844-3946-8dcb-64e2e0f2dec1",
            "cluster_name": "staging-demo",
            "configuration_values": "",
            "created_at": "2024-10-22T07:36:15Z",
            "id": "staging-demo:eks-pod-identity-agent",
            "modified_at": "2024-10-22T07:36:22Z",
            "preserve": null,
            "resolve_conflicts": null,
            "resolve_conflicts_on_create": null,
            "resolve_conflicts_on_update": null,
            "service_account_role_arn": "",
            "tags": {},
            "tags_all": {},
            "timeouts": null
          },
          "sensitive_attributes": [],
          "private": "eyJlMmJmYjczMC1lY2FhLTExZTYtOGY4OC0zNDM2M2JjN2M0YzAiOnsiY3JlYXRlIjoxMjAwMDAwMDAwMDAwLCJkZWxldGUiOjI0MDAwMDAwMDAwMDAsInVwZGF0ZSI6MTIwMDAwMDAwMDAwMH19",
          "dependencies": [
            "aws_eks_cluster.eks",
            "aws_iam_role.eks",
            "aws_iam_role_policy_attachment.eks",
            "aws_subnet.private_zone1",
            "aws_subnet.private_zone2",
            "aws_vpc.main"
          ]
        }
      ]
    },
    {
      "mode": "managed",
      "type": "aws_eks_cluster",
      "name": "eks",
      "provider": "provider[\"registry.terraform.io/hashicorp/aws\"]",
      "instances": [
        {
          "schema_version": 1,
          "attributes": {
            "access_config": [
              {
                "authentication_mode": "API",
                "bootstrap_cluster_creator_admin_permissions": true
              }
            ],
            "arn": "arn:aws:eks:us-east-2:228717161587:cluster/staging-demo",
            "bootstrap_self_managed_addons": true,
            "certificate_authority": [
              {
                "data": "LS0tLS1CRUdJTiBDRVJUSUZJQ0FURS0tLS0tCk1JSURCVENDQWUyZ0F3SUJBZ0lJVERNVkVNRFFrUFV3RFFZSktvWklodmNOQVFFTEJRQXdGVEVUTUJFR0ExVUUKQXhNS2EzVmlaWEp1WlhSbGN6QWVGdzB5TkRFd01qSXdOekk0TVRSYUZ3MHpOREV3TWpBd056TXpNVFJhTUJVeApFekFSQmdOVkJBTVRDbXQxWW1WeWJtVjBaWE13Z2dFaU1BMEdDU3FHU0liM0RRRUJBUVVBQTRJQkR3QXdnZ0VLCkFvSUJBUURuN0lwZGs3ZktvaUJTbDJHcVltVnRnajdZOU43VEJyamM0ODROVGxUbDlFMjJXWGd6eFcxL0YwOXcKQ2NKUURINkpWSXVTVWYyQWpLa3Y4TkxXUXJJL0Jzci9pK2EzbEVRbEJkWG1QbHpUY0hOMWMyc1MzbmR5U0xWdQpsNVhtald4YmQ5ZFRrS1lZT00rRUd1TVhYb0dZZG5aVnlFNzk2NTZSZTU3TVl4MEdraG9oU0xIYXBJMTFlbzdPCjBiODhEYXRrcThMbUVlaHNCNGw2U25hdjVpdmMrV001UlRCTUpGTUwweHJvQVgvb3pBTHJrN2g3VXV5NVhqUSsKWUtpbktVQTIvWUFtejNyQXljOXFCcUdhZFpOeVNwZ2JmZ3FlcW9sYitsQ3pKWGxoVzM5UDJYVFpvSmVtOG1lVwpMRU80VDZGbWhNNkZ0ZGgzSy9RaE0ycWdSeGEzQWdNQkFBR2pXVEJYTUE0R0ExVWREd0VCL3dRRUF3SUNwREFQCkJnTlZIUk1CQWY4RUJUQURBUUgvTUIwR0ExVWREZ1FXQkJSbVRlaTVSRXA2WkxXQS9tZkl3ZGZCYm1uNER6QVYKQmdOVkhSRUVEakFNZ2dwcmRXSmxjbTVsZEdWek1BMEdDU3FHU0liM0RRRUJDd1VBQTRJQkFRQWsvaVovVmhlYwpnb1Z6eGhOZEZCUERZcVNMTFpObXo3QVI4NlNEaVVWMXJSU3pWRkRKNStYMmo4dmQ5UUhTZkNsVHJaSXN0ZG1VClVNNytMRnNGVUlqdmtacGk4aTZsTnNOSzhZdVkyRjNXQmhlcktTYkoyRFJJaHlpN1pveEdVNzNlWFV1Vk14RGQKN3NHUG5TSlVLZFpKRDZWYVUya0VrK01KQnZaNVA1dTdhMDdsRHhKbDRsYk5oTENwNHVLZ3FlaGYrYkN0dUJKTApIeG0wSnRCdnVWVUhidEVuTElWKy83TmJERlpPS0h2bkp6UHN6Uk1kbDVENmhnOGR0K0tldWhpYWhPS0YxRW1ZCnlaa1JjdmM1cTE5UldVM3haNlhHQW1OK0dUY055c3dia2NuTS9PbEhmOXFDdU16UG9KcldUOTJMMUlyWmFGSDIKRkZUeTlBd2w4a25VCi0tLS0tRU5EIENFUlRJRklDQVRFLS0tLS0K"
              }
            ],
            "cluster_id": null,
            "created_at": "2024-10-22T07:28:35Z",
            "enabled_cluster_log_types": [],
            "encryption_config": [],
            "endpoint": "https://0F63B269CAD114340576EA8D26575D54.gr7.us-east-2.eks.amazonaws.com",
            "id": "staging-demo",
            "identity": [
              {
                "oidc": [
                  {
                    "issuer": "https://oidc.eks.us-east-2.amazonaws.com/id/0F63B269CAD114340576EA8D26575D54"
                  }
                ]
              }
            ],
            "kubernetes_network_config": [
              {
                "ip_family": "ipv4",
                "service_ipv4_cidr": "172.20.0.0/16",
                "service_ipv6_cidr": ""
              }
            ],
            "name": "staging-demo",
            "outpost_config": [],
            "platform_version": "eks.17",
            "role_arn": "arn:aws:iam::228717161587:role/staging-demo-eks-cluster",
            "status": "ACTIVE",
            "tags": {},
            "tags_all": {},
            "timeouts": null,
            "upgrade_policy": [
              {
                "support_type": "EXTENDED"
              }
            ],
            "version": "1.29",
            "vpc_config": [
              {
                "cluster_security_group_id": "sg-0abf887071cde8b53",
                "endpoint_private_access": false,
                "endpoint_public_access": true,
                "public_access_cidrs": [
                  "0.0.0.0/0"
                ],
                "security_group_ids": [],
                "subnet_ids": [
                  "subnet-0078f226c805e6f83",
                  "subnet-08ddeff16bd076f6c"
                ],
                "vpc_id": "vpc-07d474eb9a811ca6b"
              }
            ]
          },
          "sensitive_attributes": [],
          "private": "eyJlMmJmYjczMC1lY2FhLTExZTYtOGY4OC0zNDM2M2JjN2M0YzAiOnsiY3JlYXRlIjoxODAwMDAwMDAwMDAwLCJkZWxldGUiOjkwMDAwMDAwMDAwMCwidXBkYXRlIjozNjAwMDAwMDAwMDAwfSwic2NoZW1hX3ZlcnNpb24iOiIxIn0=",
          "dependencies": [
            "aws_iam_role.eks",
            "aws_iam_role_policy_attachment.eks",
            "aws_subnet.private_zone1",
            "aws_subnet.private_zone2",
            "aws_vpc.main"
          ]
        }
      ]
    },
    {
      "mode": "managed",
      "type": "aws_eks_node_group",
      "name": "general",
      "provider": "provider[\"registry.terraform.io/hashicorp/aws\"]",
      "instances": [
        {
          "schema_version": 0,
          "attributes": {
            "ami_type": "AL2_x86_64",
            "arn": "arn:aws:eks:us-east-2:228717161587:nodegroup/staging-demo/general/84c95993-d77c-df42-a555-c2e1f0a419ef",
            "capacity_type": "ON_DEMAND",
            "cluster_name": "staging-demo",
            "disk_size": 20,
            "force_update_version": null,
            "id": "staging-demo:general",
            "instance_types": [
              "t2.medium"
            ],
            "labels": {
              "role": "general"
            },
            "launch_template": [],
            "node_group_name": "general",
            "node_group_name_prefix": "",
            "node_role_arn": "arn:aws:iam::228717161587:role/staging-demo-eks-nodes",
            "release_version": "1.29.8-20241011",
            "remote_access": [],
            "resources": [
              {
                "autoscaling_groups": [
                  {
                    "name": "eks-general-84c95993-d77c-df42-a555-c2e1f0a419ef"
                  }
                ],
                "remote_access_security_group_id": ""
              }
            ],
            "scaling_config": [
              {
                "desired_size": 3,
                "max_size": 4,
                "min_size": 1
              }
            ],
            "status": "ACTIVE",
            "subnet_ids": [
              "subnet-0078f226c805e6f83",
              "subnet-08ddeff16bd076f6c"
            ],
            "tags": {},
            "tags_all": {},
            "taint": [],
            "timeouts": null,
            "update_config": [
              {
                "max_unavailable": 1,
                "max_unavailable_percentage": 0
              }
            ],
            "version": "1.29"
          },
          "sensitive_attributes": [],
          "private": "eyJlMmJmYjczMC1lY2FhLTExZTYtOGY4OC0zNDM2M2JjN2M0YzAiOnsiY3JlYXRlIjozNjAwMDAwMDAwMDAwLCJkZWxldGUiOjM2MDAwMDAwMDAwMDAsInVwZGF0ZSI6MzYwMDAwMDAwMDAwMH19",
          "dependencies": [
            "aws_eks_cluster.eks",
            "aws_iam_role.eks",
            "aws_iam_role.nodes",
            "aws_iam_role_policy_attachment.amazon_ec2_container_registry-read_only",
            "aws_iam_role_policy_attachment.amazon_eks_cni_plicy",
            "aws_iam_role_policy_attachment.amazon_eks_worker_node_policy",
            "aws_iam_role_policy_attachment.eks",
            "aws_subnet.private_zone1",
            "aws_subnet.private_zone2",
            "aws_vpc.main"
          ]
        }
      ]
    },
    {
      "mode": "managed",
      "type": "aws_eks_pod_identity_association",
      "name": "aws_lbc",
      "provider": "provider[\"registry.terraform.io/hashicorp/aws\"]",
      "instances": [
        {
          "schema_version": 0,
          "attributes": {
            "association_arn": "arn:aws:eks:us-east-2:228717161587:podidentityassociation/staging-demo/a-i5mjk9mwj0ze0olq5",
            "association_id": "a-i5mjk9mwj0ze0olq5",
            "cluster_name": "staging-demo",
            "id": "a-i5mjk9mwj0ze0olq5",
            "namespace": "kube-system",
            "role_arn": "arn:aws:iam::228717161587:role/staging-demo-aws-lbc",
            "service_account": "aws-load-balancer-controller",
            "tags": null,
            "tags_all": {}
          },
          "sensitive_attributes": [],
          "dependencies": [
            "aws_eks_cluster.eks",
            "aws_iam_role.aws_lbc",
            "aws_iam_role.eks",
            "aws_iam_role_policy_attachment.eks",
            "aws_subnet.private_zone1",
            "aws_subnet.private_zone2",
            "aws_vpc.main",
            "data.aws_iam_policy_document.aws_lbc"
          ]
        }
      ]
    },
    {
      "mode": "managed",
      "type": "aws_eks_pod_identity_association",
      "name": "cluster_autoscaler",
      "provider": "provider[\"registry.terraform.io/hashicorp/aws\"]",
      "instances": [
        {
          "schema_version": 0,
          "attributes": {
            "association_arn": "arn:aws:eks:us-east-2:228717161587:podidentityassociation/staging-demo/a-jknsghhcfo4grkqtz",
            "association_id": "a-jknsghhcfo4grkqtz",
            "cluster_name": "staging-demo",
            "id": "a-jknsghhcfo4grkqtz",
            "namespace": "kube-system",
            "role_arn": "arn:aws:iam::228717161587:role/staging-demo-cluster-autoscaler",
            "service_account": "cluster-autoscaler",
            "tags": null,
            "tags_all": {}
          },
          "sensitive_attributes": [],
          "dependencies": [
            "aws_eks_cluster.eks",
            "aws_iam_role.cluster_autoscaler",
            "aws_iam_role.eks",
            "aws_iam_role_policy_attachment.eks",
            "aws_subnet.private_zone1",
            "aws_subnet.private_zone2",
            "aws_vpc.main"
          ]
        }
      ]
    },
    {
      "mode": "managed",
      "type": "aws_eks_pod_identity_association",
      "name": "ebs_csi_driver",
      "provider": "provider[\"registry.terraform.io/hashicorp/aws\"]",
      "instances": [
        {
          "schema_version": 0,
          "attributes": {
            "association_arn": "arn:aws:eks:us-east-2:228717161587:podidentityassociation/staging-demo/a-uzpb3w0rcpbfwpxf3",
            "association_id": "a-uzpb3w0rcpbfwpxf3",
            "cluster_name": "staging-demo",
            "id": "a-uzpb3w0rcpbfwpxf3",
            "namespace": "kube-system",
            "role_arn": "arn:aws:iam::228717161587:role/staging-demo-ebs-csi-driver",
            "service_account": "ebs-csi-controller-sa",
            "tags": null,
            "tags_all": {}
          },
          "sensitive_attributes": [],
          "dependencies": [
            "aws_eks_cluster.eks",
            "aws_iam_role.ebs_csi_driver",
            "aws_iam_role.eks",
            "aws_iam_role_policy_attachment.eks",
            "aws_subnet.private_zone1",
            "aws_subnet.private_zone2",
            "aws_vpc.main",
            "data.aws_iam_policy_document.ebs_csi_driver"
          ]
        }
      ]
    },
    {
      "mode": "managed",
      "type": "aws_iam_openid_connect_provider",
      "name": "eks",
      "provider": "provider[\"registry.terraform.io/hashicorp/aws\"]",
      "instances": [
        {
          "schema_version": 0,
          "attributes": {
            "arn": "arn:aws:iam::228717161587:oidc-provider/oidc.eks.us-east-2.amazonaws.com/id/0F63B269CAD114340576EA8D26575D54",
            "client_id_list": [
              "sts.amazonaws.com"
            ],
            "id": "arn:aws:iam::228717161587:oidc-provider/oidc.eks.us-east-2.amazonaws.com/id/0F63B269CAD114340576EA8D26575D54",
            "tags": {},
            "tags_all": {},
            "thumbprint_list": [
              "9e99a48a9960b14926bb7f3b02e22da2b0ab7280"
            ],
            "url": "oidc.eks.us-east-2.amazonaws.com/id/0F63B269CAD114340576EA8D26575D54"
          },
          "sensitive_attributes": [],
          "private": "bnVsbA==",
          "dependencies": [
            "aws_eks_cluster.eks",
            "aws_iam_role.eks",
            "aws_iam_role_policy_attachment.eks",
            "aws_subnet.private_zone1",
            "aws_subnet.private_zone2",
            "aws_vpc.main",
            "data.tls_certificate.eks"
          ]
        }
      ]
    },
    {
      "mode": "managed",
      "type": "aws_iam_policy",
      "name": "aws_lbc",
      "provider": "provider[\"registry.terraform.io/hashicorp/aws\"]",
      "instances": [
        {
          "schema_version": 0,
          "attributes": {
            "arn": "arn:aws:iam::228717161587:policy/AWSLoadBalancerController",
            "attachment_count": 1,
            "description": "",
            "id": "arn:aws:iam::228717161587:policy/AWSLoadBalancerController",
            "name": "AWSLoadBalancerController",
            "name_prefix": "",
            "path": "/",
            "policy": "{\"Statement\":[{\"Action\":[\"iam:CreateServiceLinkedRole\"],\"Condition\":{\"StringEquals\":{\"iam:AWSServiceName\":\"elasticloadbalancing.amazonaws.com\"}},\"Effect\":\"Allow\",\"Resource\":\"*\"},{\"Action\":[\"ec2:DescribeAccountAttributes\",\"ec2:DescribeAddresses\",\"ec2:DescribeAvailabilityZones\",\"ec2:DescribeInternetGateways\",\"ec2:DescribeVpcs\",\"ec2:DescribeVpcPeeringConnections\",\"ec2:DescribeSubnets\",\"ec2:DescribeSecurityGroups\",\"ec2:DescribeInstances\",\"ec2:DescribeNetworkInterfaces\",\"ec2:DescribeTags\",\"ec2:GetCoipPoolUsage\",\"ec2:DescribeCoipPools\",\"elasticloadbalancing:DescribeLoadBalancers\",\"elasticloadbalancing:DescribeLoadBalancerAttributes\",\"elasticloadbalancing:DescribeListeners\",\"elasticloadbalancing:DescribeListenerCertificates\",\"elasticloadbalancing:DescribeSSLPolicies\",\"elasticloadbalancing:DescribeRules\",\"elasticloadbalancing:DescribeTargetGroups\",\"elasticloadbalancing:DescribeTargetGroupAttributes\",\"elasticloadbalancing:DescribeTargetHealth\",\"elasticloadbalancing:DescribeTags\",\"elasticloadbalancing:DescribeTrustStores\"],\"Effect\":\"Allow\",\"Resource\":\"*\"},{\"Action\":[\"cognito-idp:DescribeUserPoolClient\",\"acm:ListCertificates\",\"acm:DescribeCertificate\",\"iam:ListServerCertificates\",\"iam:GetServerCertificate\",\"waf-regional:GetWebACL\",\"waf-regional:GetWebACLForResource\",\"waf-regional:AssociateWebACL\",\"waf-regional:DisassociateWebACL\",\"wafv2:GetWebACL\",\"wafv2:GetWebACLForResource\",\"wafv2:AssociateWebACL\",\"wafv2:DisassociateWebACL\",\"shield:GetSubscriptionState\",\"shield:DescribeProtection\",\"shield:CreateProtection\",\"shield:DeleteProtection\"],\"Effect\":\"Allow\",\"Resource\":\"*\"},{\"Action\":[\"ec2:AuthorizeSecurityGroupIngress\",\"ec2:RevokeSecurityGroupIngress\"],\"Effect\":\"Allow\",\"Resource\":\"*\"},{\"Action\":[\"ec2:CreateSecurityGroup\"],\"Effect\":\"Allow\",\"Resource\":\"*\"},{\"Action\":[\"ec2:CreateTags\"],\"Condition\":{\"Null\":{\"aws:RequestTag/elbv2.k8s.aws/cluster\":\"false\"},\"StringEquals\":{\"ec2:CreateAction\":\"CreateSecurityGroup\"}},\"Effect\":\"Allow\",\"Resource\":\"arn:aws:ec2:*:*:security-group/*\"},{\"Action\":[\"ec2:CreateTags\",\"ec2:DeleteTags\"],\"Condition\":{\"Null\":{\"aws:RequestTag/elbv2.k8s.aws/cluster\":\"true\",\"aws:ResourceTag/elbv2.k8s.aws/cluster\":\"false\"}},\"Effect\":\"Allow\",\"Resource\":\"arn:aws:ec2:*:*:security-group/*\"},{\"Action\":[\"ec2:AuthorizeSecurityGroupIngress\",\"ec2:RevokeSecurityGroupIngress\",\"ec2:DeleteSecurityGroup\"],\"Condition\":{\"Null\":{\"aws:ResourceTag/elbv2.k8s.aws/cluster\":\"false\"}},\"Effect\":\"Allow\",\"Resource\":\"*\"},{\"Action\":[\"elasticloadbalancing:CreateLoadBalancer\",\"elasticloadbalancing:CreateTargetGroup\"],\"Condition\":{\"Null\":{\"aws:RequestTag/elbv2.k8s.aws/cluster\":\"false\"}},\"Effect\":\"Allow\",\"Resource\":\"*\"},{\"Action\":[\"elasticloadbalancing:CreateListener\",\"elasticloadbalancing:DeleteListener\",\"elasticloadbalancing:CreateRule\",\"elasticloadbalancing:DeleteRule\"],\"Effect\":\"Allow\",\"Resource\":\"*\"},{\"Action\":[\"elasticloadbalancing:AddTags\",\"elasticloadbalancing:RemoveTags\"],\"Condition\":{\"Null\":{\"aws:RequestTag/elbv2.k8s.aws/cluster\":\"true\",\"aws:ResourceTag/elbv2.k8s.aws/cluster\":\"false\"}},\"Effect\":\"Allow\",\"Resource\":[\"arn:aws:elasticloadbalancing:*:*:targetgroup/*/*\",\"arn:aws:elasticloadbalancing:*:*:loadbalancer/net/*/*\",\"arn:aws:elasticloadbalancing:*:*:loadbalancer/app/*/*\"]},{\"Action\":[\"elasticloadbalancing:AddTags\",\"elasticloadbalancing:RemoveTags\"],\"Effect\":\"Allow\",\"Resource\":[\"arn:aws:elasticloadbalancing:*:*:listener/net/*/*/*\",\"arn:aws:elasticloadbalancing:*:*:listener/app/*/*/*\",\"arn:aws:elasticloadbalancing:*:*:listener-rule/net/*/*/*\",\"arn:aws:elasticloadbalancing:*:*:listener-rule/app/*/*/*\"]},{\"Action\":[\"elasticloadbalancing:ModifyLoadBalancerAttributes\",\"elasticloadbalancing:SetIpAddressType\",\"elasticloadbalancing:SetSecurityGroups\",\"elasticloadbalancing:SetSubnets\",\"elasticloadbalancing:DeleteLoadBalancer\",\"elasticloadbalancing:ModifyTargetGroup\",\"elasticloadbalancing:ModifyTargetGroupAttributes\",\"elasticloadbalancing:DeleteTargetGroup\"],\"Condition\":{\"Null\":{\"aws:ResourceTag/elbv2.k8s.aws/cluster\":\"false\"}},\"Effect\":\"Allow\",\"Resource\":\"*\"},{\"Action\":[\"elasticloadbalancing:AddTags\"],\"Condition\":{\"Null\":{\"aws:RequestTag/elbv2.k8s.aws/cluster\":\"false\"},\"StringEquals\":{\"elasticloadbalancing:CreateAction\":[\"CreateTargetGroup\",\"CreateLoadBalancer\"]}},\"Effect\":\"Allow\",\"Resource\":[\"arn:aws:elasticloadbalancing:*:*:targetgroup/*/*\",\"arn:aws:elasticloadbalancing:*:*:loadbalancer/net/*/*\",\"arn:aws:elasticloadbalancing:*:*:loadbalancer/app/*/*\"]},{\"Action\":[\"elasticloadbalancing:RegisterTargets\",\"elasticloadbalancing:DeregisterTargets\"],\"Effect\":\"Allow\",\"Resource\":\"arn:aws:elasticloadbalancing:*:*:targetgroup/*/*\"},{\"Action\":[\"elasticloadbalancing:SetWebAcl\",\"elasticloadbalancing:ModifyListener\",\"elasticloadbalancing:AddListenerCertificates\",\"elasticloadbalancing:RemoveListenerCertificates\",\"elasticloadbalancing:ModifyRule\"],\"Effect\":\"Allow\",\"Resource\":\"*\"}],\"Version\":\"2012-10-17\"}",
            "policy_id": "ANPATKQE25RZSIE3LG3AT",
            "tags": {},
            "tags_all": {}
          },
          "sensitive_attributes": [],
          "private": "bnVsbA=="
        }
      ]
    },
    {
      "mode": "managed",
      "type": "aws_iam_policy",
      "name": "cluster_autoscaler",
      "provider": "provider[\"registry.terraform.io/hashicorp/aws\"]",
      "instances": [
        {
          "schema_version": 0,
          "attributes": {
            "arn": "arn:aws:iam::228717161587:policy/staging-demo-cluster-autoscaler",
            "attachment_count": 1,
            "description": "",
            "id": "arn:aws:iam::228717161587:policy/staging-demo-cluster-autoscaler",
            "name": "staging-demo-cluster-autoscaler",
            "name_prefix": "",
            "path": "/",
            "policy": "{\"Statement\":[{\"Action\":[\"autoscaling:DescribeAutoScalingGroups\",\"autoscaling:DescribeAutoScalingInstances\",\"autoscaling:DescribeLaunchConfigurations\",\"autoscaling:DescribeScalingActivities\",\"autoscaling:DescribeTags\",\"ec2:DescribeImages\",\"ec2:DescribeInstanceTypes\",\"ec2:DescribeLaunchTemplateVersions\",\"ec2:GetInstanceTypesFromInstanceRequirements\",\"eks:DescribeNodegroup\"],\"Effect\":\"Allow\",\"Resource\":\"*\"},{\"Action\":[\"autoscaling:SetDesiredCapacity\",\"autoscaling:TerminateInstanceInAutoScalingGroup\"],\"Effect\":\"Allow\",\"Resource\":\"*\"}],\"Version\":\"2012-10-17\"}",
            "policy_id": "ANPATKQE25RZTB3MSBARA",
            "tags": {},
            "tags_all": {}
          },
          "sensitive_attributes": [],
          "private": "bnVsbA==",
          "dependencies": [
            "aws_eks_cluster.eks",
            "aws_iam_role.eks",
            "aws_iam_role_policy_attachment.eks",
            "aws_subnet.private_zone1",
            "aws_subnet.private_zone2",
            "aws_vpc.main"
          ]
        }
      ]
    },
    {
      "mode": "managed",
      "type": "aws_iam_policy",
      "name": "developer_eks",
      "provider": "provider[\"registry.terraform.io/hashicorp/aws\"]",
      "instances": [
        {
          "schema_version": 0,
          "attributes": {
            "arn": "arn:aws:iam::228717161587:policy/AmazonEKSDeveloperPolicy",
            "attachment_count": 1,
            "description": "",
            "id": "arn:aws:iam::228717161587:policy/AmazonEKSDeveloperPolicy",
            "name": "AmazonEKSDeveloperPolicy",
            "name_prefix": "",
            "path": "/",
            "policy": "{\"Statement\":[{\"Action\":[\"eks:DescribeCluster\",\"eks:ListClusters\"],\"Effect\":\"Allow\",\"Resource\":\"*\"}],\"Version\":\"2012-10-17\"}",
            "policy_id": "ANPATKQE25RZ3LTUQEUEB",
            "tags": {},
            "tags_all": {}
          },
          "sensitive_attributes": [],
          "private": "bnVsbA=="
        }
      ]
    },
    {
      "mode": "managed",
      "type": "aws_iam_policy",
      "name": "ebs_csi_driver_encryption",
      "provider": "provider[\"registry.terraform.io/hashicorp/aws\"]",
      "instances": [
        {
          "schema_version": 0,
          "attributes": {
            "arn": "arn:aws:iam::228717161587:policy/staging-demo-ebs-csi-driver-encryption",
            "attachment_count": 1,
            "description": "",
            "id": "arn:aws:iam::228717161587:policy/staging-demo-ebs-csi-driver-encryption",
            "name": "staging-demo-ebs-csi-driver-encryption",
            "name_prefix": "",
            "path": "/",
            "policy": "{\"Statement\":[{\"Action\":[\"kms:Decrypt\",\"kms:GenerateDataKeyWithoutPlaintext\",\"kms:CreateGrant\"],\"Effect\":\"Allow\",\"Resource\":\"*\"}],\"Version\":\"2012-10-17\"}",
            "policy_id": "ANPATKQE25RZ2MZT32UTQ",
            "tags": {},
            "tags_all": {}
          },
          "sensitive_attributes": [],
          "private": "bnVsbA==",
          "dependencies": [
            "aws_eks_cluster.eks",
            "aws_iam_role.eks",
            "aws_iam_role_policy_attachment.eks",
            "aws_subnet.private_zone1",
            "aws_subnet.private_zone2",
            "aws_vpc.main"
          ]
        }
      ]
    },
    {
      "mode": "managed",
      "type": "aws_iam_policy",
      "name": "eks_admin",
      "provider": "provider[\"registry.terraform.io/hashicorp/aws\"]",
      "instances": [
        {
          "schema_version": 0,
          "attributes": {
            "arn": "arn:aws:iam::228717161587:policy/AmazonEKSAdminPolicy",
            "attachment_count": 1,
            "description": "",
            "id": "arn:aws:iam::228717161587:policy/AmazonEKSAdminPolicy",
            "name": "AmazonEKSAdminPolicy",
            "name_prefix": "",
            "path": "/",
            "policy": "{\"Statement\":[{\"Action\":[\"eks:*\"],\"Effect\":\"Allow\",\"Resource\":\"*\"},{\"Action\":\"iam:PassRole\",\"Condition\":{\"StringEquals\":{\"iam:PassedToService\":\"eks.amazonaws.com\"}},\"Effect\":\"Allow\",\"Resource\":\"*\"}],\"Version\":\"2012-10-17\"}",
            "policy_id": "ANPATKQE25RZULP54LY5C",
            "tags": {},
            "tags_all": {}
          },
          "sensitive_attributes": [],
          "private": "bnVsbA=="
        }
      ]
    },
    {
      "mode": "managed",
      "type": "aws_iam_policy",
      "name": "eks_assume_admin",
      "provider": "provider[\"registry.terraform.io/hashicorp/aws\"]",
      "instances": [
        {
          "schema_version": 0,
          "attributes": {
            "arn": "arn:aws:iam::228717161587:policy/AmazonEKSAssumeAdminPolicy",
            "attachment_count": 1,
            "description": "",
            "id": "arn:aws:iam::228717161587:policy/AmazonEKSAssumeAdminPolicy",
            "name": "AmazonEKSAssumeAdminPolicy",
            "name_prefix": "",
            "path": "/",
            "policy": "{\"Statement\":[{\"Action\":[\"sts:AssumeRole\"],\"Effect\":\"Allow\",\"Resource\":\"arn:aws:iam::228717161587:role/staging-demo-eks-admin\"}],\"Version\":\"2012-10-17\"}",
            "policy_id": "ANPATKQE25RZUYU3MBENS",
            "tags": {},
            "tags_all": {}
          },
          "sensitive_attributes": [],
          "private": "bnVsbA==",
          "dependencies": [
            "aws_iam_role.eks_admin",
            "data.aws_caller_identity.current"
          ]
        }
      ]
    },
    {
      "mode": "managed",
      "type": "aws_iam_policy",
      "name": "myapp_secrets",
      "provider": "provider[\"registry.terraform.io/hashicorp/aws\"]",
      "instances": [
        {
          "schema_version": 0,
          "attributes": {
            "arn": "arn:aws:iam::228717161587:policy/staging-demo-myapp-secrets",
            "attachment_count": 1,
            "description": "",
            "id": "arn:aws:iam::228717161587:policy/staging-demo-myapp-secrets",
            "name": "staging-demo-myapp-secrets",
            "name_prefix": "",
            "path": "/",
            "policy": "{\"Statement\":[{\"Action\":[\"secretsmanager:GetSecretValue\",\"secretsmanager:DescribeSecret\"],\"Effect\":\"Allow\",\"Resource\":\"*\"}],\"Version\":\"2012-10-17\"}",
            "policy_id": "ANPATKQE25RZZC5SZKAYJ",
            "tags": {},
            "tags_all": {}
          },
          "sensitive_attributes": [],
          "private": "bnVsbA==",
          "dependencies": [
            "aws_eks_cluster.eks",
            "aws_iam_role.eks",
            "aws_iam_role_policy_attachment.eks",
            "aws_subnet.private_zone1",
            "aws_subnet.private_zone2",
            "aws_vpc.main"
          ]
        }
      ]
    },
    {
      "mode": "managed",
      "type": "aws_iam_role",
      "name": "aws_lbc",
      "provider": "provider[\"registry.terraform.io/hashicorp/aws\"]",
      "instances": [
        {
          "schema_version": 0,
          "attributes": {
            "arn": "arn:aws:iam::228717161587:role/staging-demo-aws-lbc",
            "assume_role_policy": "{\"Statement\":[{\"Action\":[\"sts:TagSession\",\"sts:AssumeRole\"],\"Effect\":\"Allow\",\"Principal\":{\"Service\":\"pods.eks.amazonaws.com\"}}],\"Version\":\"2012-10-17\"}",
            "create_date": "2024-10-22T07:36:16Z",
            "description": "",
            "force_detach_policies": false,
            "id": "staging-demo-aws-lbc",
            "inline_policy": [],
            "managed_policy_arns": [
              "arn:aws:iam::228717161587:policy/AWSLoadBalancerController"
            ],
            "max_session_duration": 3600,
            "name": "staging-demo-aws-lbc",
            "name_prefix": "",
            "path": "/",
            "permissions_boundary": "",
            "tags": {},
            "tags_all": {},
            "unique_id": "AROATKQE25RZ42NT24KHE"
          },
          "sensitive_attributes": [],
          "private": "bnVsbA==",
          "dependencies": [
            "aws_eks_cluster.eks",
            "aws_iam_role.eks",
            "aws_iam_role_policy_attachment.eks",
            "aws_subnet.private_zone1",
            "aws_subnet.private_zone2",
            "aws_vpc.main",
            "data.aws_iam_policy_document.aws_lbc"
          ]
        }
      ]
    },
    {
      "mode": "managed",
      "type": "aws_iam_role",
      "name": "cluster_autoscaler",
      "provider": "provider[\"registry.terraform.io/hashicorp/aws\"]",
      "instances": [
        {
          "schema_version": 0,
          "attributes": {
            "arn": "arn:aws:iam::228717161587:role/staging-demo-cluster-autoscaler",
            "assume_role_policy": "{\"Statement\":[{\"Action\":[\"sts:AssumeRole\",\"sts:TagSession\"],\"Effect\":\"Allow\",\"Principal\":{\"Service\":\"pods.eks.amazonaws.com\"}}],\"Version\":\"2012-10-17\"}",
            "create_date": "2024-10-22T07:36:16Z",
            "description": "",
            "force_detach_policies": false,
            "id": "staging-demo-cluster-autoscaler",
            "inline_policy": [],
            "managed_policy_arns": [
              "arn:aws:iam::228717161587:policy/staging-demo-cluster-autoscaler"
            ],
            "max_session_duration": 3600,
            "name": "staging-demo-cluster-autoscaler",
            "name_prefix": "",
            "path": "/",
            "permissions_boundary": "",
            "tags": {},
            "tags_all": {},
            "unique_id": "AROATKQE25RZUSA3QXUUQ"
          },
          "sensitive_attributes": [],
          "private": "bnVsbA==",
          "dependencies": [
            "aws_eks_cluster.eks",
            "aws_iam_role.eks",
            "aws_iam_role_policy_attachment.eks",
            "aws_subnet.private_zone1",
            "aws_subnet.private_zone2",
            "aws_vpc.main"
          ]
        }
      ]
    },
    {
      "mode": "managed",
      "type": "aws_iam_role",
      "name": "ebs_csi_driver",
      "provider": "provider[\"registry.terraform.io/hashicorp/aws\"]",
      "instances": [
        {
          "schema_version": 0,
          "attributes": {
            "arn": "arn:aws:iam::228717161587:role/staging-demo-ebs-csi-driver",
            "assume_role_policy": "{\"Statement\":[{\"Action\":[\"sts:TagSession\",\"sts:AssumeRole\"],\"Effect\":\"Allow\",\"Principal\":{\"Service\":\"pods.eks.amazonaws.com\"}}],\"Version\":\"2012-10-17\"}",
            "create_date": "2024-10-22T07:36:16Z",
            "description": "",
            "force_detach_policies": false,
            "id": "staging-demo-ebs-csi-driver",
            "inline_policy": [],
            "managed_policy_arns": [
              "arn:aws:iam::228717161587:policy/staging-demo-ebs-csi-driver-encryption",
              "arn:aws:iam::aws:policy/service-role/AmazonEBSCSIDriverPolicy"
            ],
            "max_session_duration": 3600,
            "name": "staging-demo-ebs-csi-driver",
            "name_prefix": "",
            "path": "/",
            "permissions_boundary": "",
            "tags": {},
            "tags_all": {},
            "unique_id": "AROATKQE25RZSB2XRUTGW"
          },
          "sensitive_attributes": [],
          "private": "bnVsbA==",
          "dependencies": [
            "aws_eks_cluster.eks",
            "aws_iam_role.eks",
            "aws_iam_role_policy_attachment.eks",
            "aws_subnet.private_zone1",
            "aws_subnet.private_zone2",
            "aws_vpc.main",
            "data.aws_iam_policy_document.ebs_csi_driver"
          ]
        }
      ]
    },
    {
      "mode": "managed",
      "type": "aws_iam_role",
      "name": "efs_csi_driver",
      "provider": "provider[\"registry.terraform.io/hashicorp/aws\"]",
      "instances": [
        {
          "schema_version": 0,
          "attributes": {
            "arn": "arn:aws:iam::228717161587:role/staging-demo-efs-csi-driver",
            "assume_role_policy": "{\"Statement\":[{\"Action\":\"sts:AssumeRoleWithWebIdentity\",\"Condition\":{\"StringEquals\":{\"oidc.eks.us-east-2.amazonaws.com/id/0F63B269CAD114340576EA8D26575D54:sub\":\"system:serviceaccount:kube-system:efs-csi-controller-sa\"}},\"Effect\":\"Allow\",\"Principal\":{\"Federated\":\"arn:aws:iam::228717161587:oidc-provider/oidc.eks.us-east-2.amazonaws.com/id/0F63B269CAD114340576EA8D26575D54\"}}],\"Version\":\"2012-10-17\"}",
            "create_date": "2024-10-22T07:36:18Z",
            "description": "",
            "force_detach_policies": false,
            "id": "staging-demo-efs-csi-driver",
            "inline_policy": [],
            "managed_policy_arns": [
              "arn:aws:iam::aws:policy/service-role/AmazonEFSCSIDriverPolicy"
            ],
            "max_session_duration": 3600,
            "name": "staging-demo-efs-csi-driver",
            "name_prefix": "",
            "path": "/",
            "permissions_boundary": "",
            "tags": {},
            "tags_all": {},
            "unique_id": "AROATKQE25RZ5J55VG4XA"
          },
          "sensitive_attributes": [],
          "private": "bnVsbA==",
          "dependencies": [
            "aws_eks_cluster.eks",
            "aws_iam_openid_connect_provider.eks",
            "aws_iam_role.eks",
            "aws_iam_role_policy_attachment.eks",
            "aws_subnet.private_zone1",
            "aws_subnet.private_zone2",
            "aws_vpc.main",
            "data.aws_iam_policy_document.efs_csi_driver",
            "data.tls_certificate.eks"
          ]
        }
      ]
    },
    {
      "mode": "managed",
      "type": "aws_iam_role",
      "name": "eks",
      "provider": "provider[\"registry.terraform.io/hashicorp/aws\"]",
      "instances": [
        {
          "schema_version": 0,
          "attributes": {
            "arn": "arn:aws:iam::228717161587:role/staging-demo-eks-cluster",
            "assume_role_policy": "{\"Statement\":[{\"Action\":\"sts:AssumeRole\",\"Effect\":\"Allow\",\"Principal\":{\"Service\":\"eks.amazonaws.com\"}}],\"Version\":\"2012-10-17\"}",
            "create_date": "2024-10-22T07:28:17Z",
            "description": "",
            "force_detach_policies": false,
            "id": "staging-demo-eks-cluster",
            "inline_policy": [],
            "managed_policy_arns": [
              "arn:aws:iam::aws:policy/AmazonEKSClusterPolicy"
            ],
            "max_session_duration": 3600,
            "name": "staging-demo-eks-cluster",
            "name_prefix": "",
            "path": "/",
            "permissions_boundary": "",
            "tags": {},
            "tags_all": {},
            "unique_id": "AROATKQE25RZVYLULW3QU"
          },
          "sensitive_attributes": [],
          "private": "bnVsbA=="
        }
      ]
    },
    {
      "mode": "managed",
      "type": "aws_iam_role",
      "name": "eks_admin",
      "provider": "provider[\"registry.terraform.io/hashicorp/aws\"]",
      "instances": [
        {
          "schema_version": 0,
          "attributes": {
            "arn": "arn:aws:iam::228717161587:role/staging-demo-eks-admin",
            "assume_role_policy": "{\"Statement\":[{\"Action\":\"sts:AssumeRole\",\"Effect\":\"Allow\",\"Principal\":{\"AWS\":\"arn:aws:iam::228717161587:root\"}}],\"Version\":\"2012-10-17\"}",
            "create_date": "2024-10-22T07:28:17Z",
            "description": "",
            "force_detach_policies": false,
            "id": "staging-demo-eks-admin",
            "inline_policy": [],
            "managed_policy_arns": [
              "arn:aws:iam::228717161587:policy/AmazonEKSAdminPolicy"
            ],
            "max_session_duration": 3600,
            "name": "staging-demo-eks-admin",
            "name_prefix": "",
            "path": "/",
            "permissions_boundary": "",
            "tags": {},
            "tags_all": {},
            "unique_id": "AROATKQE25RZ2MUBUSCBC"
          },
          "sensitive_attributes": [],
          "private": "bnVsbA==",
          "dependencies": [
            "data.aws_caller_identity.current"
          ]
        }
      ]
    },
    {
      "mode": "managed",
      "type": "aws_iam_role",
      "name": "grafana_demo",
      "provider": "provider[\"registry.terraform.io/hashicorp/aws\"]",
      "instances": [
        {
          "schema_version": 0,
          "attributes": {
            "arn": "arn:aws:iam::228717161587:role/grafana-demo",
            "assume_role_policy": "{\"Statement\":[{\"Action\":\"sts:AssumeRoleWithWebIdentity\",\"Condition\":{\"StringEquals\":{\"oidc.eks.us-east-2.amazonaws.com/id/0F63B269CAD114340576EA8D26575D54:sub\":\"system:serviceaccount:monitoring:grafana\"}},\"Effect\":\"Allow\",\"Principal\":{\"Federated\":\"arn:aws:iam::228717161587:oidc-provider/oidc.eks.us-east-2.amazonaws.com/id/0F63B269CAD114340576EA8D26575D54\"}}],\"Version\":\"2012-10-17\"}",
            "create_date": "2024-10-22T07:36:19Z",
            "description": "",
            "force_detach_policies": false,
            "id": "grafana-demo",
            "inline_policy": [],
            "managed_policy_arns": [
              "arn:aws:iam::aws:policy/AmazonPrometheusQueryAccess"
            ],
            "max_session_duration": 3600,
            "name": "grafana-demo",
            "name_prefix": "",
            "path": "/",
            "permissions_boundary": "",
            "tags": {},
            "tags_all": {},
            "unique_id": "AROATKQE25RZWZX4HQXRF"
          },
          "sensitive_attributes": [],
          "private": "bnVsbA==",
          "dependencies": [
            "aws_eks_cluster.eks",
            "aws_iam_openid_connect_provider.eks",
            "aws_iam_role.eks",
            "aws_iam_role_policy_attachment.eks",
            "aws_subnet.private_zone1",
            "aws_subnet.private_zone2",
            "aws_vpc.main",
            "data.aws_iam_policy_document.grafana_demo",
            "data.tls_certificate.eks"
          ]
        }
      ]
    },
    {
      "mode": "managed",
      "type": "aws_iam_role",
      "name": "myapp_secrets",
      "provider": "provider[\"registry.terraform.io/hashicorp/aws\"]",
      "instances": [
        {
          "schema_version": 0,
          "attributes": {
            "arn": "arn:aws:iam::228717161587:role/staging-demo-myapp-secrets",
            "assume_role_policy": "{\"Statement\":[{\"Action\":\"sts:AssumeRoleWithWebIdentity\",\"Condition\":{\"StringEquals\":{\"oidc.eks.us-east-2.amazonaws.com/id/0F63B269CAD114340576EA8D26575D54:sub\":\"system:serviceaccount:12-example:myapp\"}},\"Effect\":\"Allow\",\"Principal\":{\"Federated\":\"arn:aws:iam::228717161587:oidc-provider/oidc.eks.us-east-2.amazonaws.com/id/0F63B269CAD114340576EA8D26575D54\"}}],\"Version\":\"2012-10-17\"}",
            "create_date": "2024-10-22T07:36:19Z",
            "description": "",
            "force_detach_policies": false,
            "id": "staging-demo-myapp-secrets",
            "inline_policy": [],
            "managed_policy_arns": [
              "arn:aws:iam::228717161587:policy/staging-demo-myapp-secrets"
            ],
            "max_session_duration": 3600,
            "name": "staging-demo-myapp-secrets",
            "name_prefix": "",
            "path": "/",
            "permissions_boundary": "",
            "tags": {},
            "tags_all": {},
            "unique_id": "AROATKQE25RZT65IWS4VO"
          },
          "sensitive_attributes": [],
          "private": "bnVsbA==",
          "dependencies": [
            "aws_eks_cluster.eks",
            "aws_iam_openid_connect_provider.eks",
            "aws_iam_role.eks",
            "aws_iam_role_policy_attachment.eks",
            "aws_subnet.private_zone1",
            "aws_subnet.private_zone2",
            "aws_vpc.main",
            "data.aws_iam_policy_document.myapp_secrets",
            "data.tls_certificate.eks"
          ]
        }
      ]
    },
    {
      "mode": "managed",
      "type": "aws_iam_role",
      "name": "nodes",
      "provider": "provider[\"registry.terraform.io/hashicorp/aws\"]",
      "instances": [
        {
          "schema_version": 0,
          "attributes": {
            "arn": "arn:aws:iam::228717161587:role/staging-demo-eks-nodes",
            "assume_role_policy": "{\"Statement\":[{\"Action\":\"sts:AssumeRole\",\"Effect\":\"Allow\",\"Principal\":{\"Service\":\"ec2.amazonaws.com\"}}],\"Version\":\"2012-10-17\"}",
            "create_date": "2024-10-22T07:28:17Z",
            "description": "",
            "force_detach_policies": false,
            "id": "staging-demo-eks-nodes",
            "inline_policy": [],
            "managed_policy_arns": [
              "arn:aws:iam::aws:policy/AmazonEC2ContainerRegistryReadOnly",
              "arn:aws:iam::aws:policy/AmazonEKSWorkerNodePolicy",
              "arn:aws:iam::aws:policy/AmazonEKS_CNI_Policy"
            ],
            "max_session_duration": 3600,
            "name": "staging-demo-eks-nodes",
            "name_prefix": "",
            "path": "/",
            "permissions_boundary": "",
            "tags": {},
            "tags_all": {},
            "unique_id": "AROATKQE25RZ2UK7QC5IY"
          },
          "sensitive_attributes": [],
          "private": "bnVsbA=="
        }
      ]
    },
    {
      "mode": "managed",
      "type": "aws_iam_role",
      "name": "prometheus_demo",
      "provider": "provider[\"registry.terraform.io/hashicorp/aws\"]",
      "instances": [
        {
          "schema_version": 0,
          "attributes": {
            "arn": "arn:aws:iam::228717161587:role/prometheus-demo",
            "assume_role_policy": "{\"Statement\":[{\"Action\":\"sts:AssumeRoleWithWebIdentity\",\"Condition\":{\"StringEquals\":{\"oidc.eks.us-east-2.amazonaws.com/id/0F63B269CAD114340576EA8D26575D54:sub\":\"system:serviceaccount:monitoring:prometheus\"}},\"Effect\":\"Allow\",\"Principal\":{\"Federated\":\"arn:aws:iam::228717161587:oidc-provider/oidc.eks.us-east-2.amazonaws.com/id/0F63B269CAD114340576EA8D26575D54\"}}],\"Version\":\"2012-10-17\"}",
            "create_date": "2024-10-22T07:36:18Z",
            "description": "",
            "force_detach_policies": false,
            "id": "prometheus-demo",
            "inline_policy": [],
            "managed_policy_arns": [],
            "max_session_duration": 3600,
            "name": "prometheus-demo",
            "name_prefix": "",
            "path": "/",
            "permissions_boundary": "",
            "tags": {},
            "tags_all": {},
            "unique_id": "AROATKQE25RZX4UYAAE5I"
          },
          "sensitive_attributes": [],
          "private": "bnVsbA==",
          "dependencies": [
            "aws_eks_cluster.eks",
            "aws_iam_openid_connect_provider.eks",
            "aws_iam_role.eks",
            "aws_iam_role_policy_attachment.eks",
            "aws_subnet.private_zone1",
            "aws_subnet.private_zone2",
            "aws_vpc.main",
            "data.aws_iam_policy_document.prometheus_demo",
            "data.tls_certificate.eks"
          ]
        }
      ]
    },
    {
      "mode": "managed",
      "type": "aws_iam_role_policy_attachment",
      "name": "amazon_ec2_container_registry-read_only",
      "provider": "provider[\"registry.terraform.io/hashicorp/aws\"]",
      "instances": [
        {
          "schema_version": 0,
          "attributes": {
            "id": "staging-demo-eks-nodes-20241022072818913000000005",
            "policy_arn": "arn:aws:iam::aws:policy/AmazonEC2ContainerRegistryReadOnly",
            "role": "staging-demo-eks-nodes"
          },
          "sensitive_attributes": [],
          "private": "bnVsbA==",
          "dependencies": [
            "aws_iam_role.nodes"
          ]
        }
      ]
    },
    {
      "mode": "managed",
      "type": "aws_iam_role_policy_attachment",
      "name": "amazon_eks_cni_plicy",
      "provider": "provider[\"registry.terraform.io/hashicorp/aws\"]",
      "instances": [
        {
          "schema_version": 0,
          "attributes": {
            "id": "staging-demo-eks-nodes-20241022072818613700000003",
            "policy_arn": "arn:aws:iam::aws:policy/AmazonEKS_CNI_Policy",
            "role": "staging-demo-eks-nodes"
          },
          "sensitive_attributes": [],
          "private": "bnVsbA==",
          "dependencies": [
            "aws_iam_role.nodes"
          ]
        }
      ]
    },
    {
      "mode": "managed",
      "type": "aws_iam_role_policy_attachment",
      "name": "amazon_eks_worker_node_policy",
      "provider": "provider[\"registry.terraform.io/hashicorp/aws\"]",
      "instances": [
        {
          "schema_version": 0,
          "attributes": {
            "id": "staging-demo-eks-nodes-20241022072818957800000006",
            "policy_arn": "arn:aws:iam::aws:policy/AmazonEKSWorkerNodePolicy",
            "role": "staging-demo-eks-nodes"
          },
          "sensitive_attributes": [],
          "private": "bnVsbA==",
          "dependencies": [
            "aws_iam_role.nodes"
          ]
        }
      ]
    },
    {
      "mode": "managed",
      "type": "aws_iam_role_policy_attachment",
      "name": "aws_lbc",
      "provider": "provider[\"registry.terraform.io/hashicorp/aws\"]",
      "instances": [
        {
          "schema_version": 0,
          "attributes": {
            "id": "staging-demo-aws-lbc-20241022073617746100000011",
            "policy_arn": "arn:aws:iam::228717161587:policy/AWSLoadBalancerController",
            "role": "staging-demo-aws-lbc"
          },
          "sensitive_attributes": [],
          "private": "bnVsbA==",
          "dependencies": [
            "aws_eks_cluster.eks",
            "aws_iam_policy.aws_lbc",
            "aws_iam_role.aws_lbc",
            "aws_iam_role.eks",
            "aws_iam_role_policy_attachment.eks",
            "aws_subnet.private_zone1",
            "aws_subnet.private_zone2",
            "aws_vpc.main",
            "data.aws_iam_policy_document.aws_lbc"
          ]
        }
      ]
    },
    {
      "mode": "managed",
      "type": "aws_iam_role_policy_attachment",
      "name": "cluster_autoscaler",
      "provider": "provider[\"registry.terraform.io/hashicorp/aws\"]",
      "instances": [
        {
          "schema_version": 0,
          "attributes": {
            "id": "staging-demo-cluster-autoscaler-20241022073617719600000010",
            "policy_arn": "arn:aws:iam::228717161587:policy/staging-demo-cluster-autoscaler",
            "role": "staging-demo-cluster-autoscaler"
          },
          "sensitive_attributes": [],
          "private": "bnVsbA==",
          "dependencies": [
            "aws_eks_cluster.eks",
            "aws_iam_policy.cluster_autoscaler",
            "aws_iam_role.cluster_autoscaler",
            "aws_iam_role.eks",
            "aws_iam_role_policy_attachment.eks",
            "aws_subnet.private_zone1",
            "aws_subnet.private_zone2",
            "aws_vpc.main"
          ]
        }
      ]
    },
    {
      "mode": "managed",
      "type": "aws_iam_role_policy_attachment",
      "name": "ebs_csi_driver",
      "provider": "provider[\"registry.terraform.io/hashicorp/aws\"]",
      "instances": [
        {
          "schema_version": 0,
          "attributes": {
            "id": "staging-demo-ebs-csi-driver-20241022073618322400000014",
            "policy_arn": "arn:aws:iam::aws:policy/service-role/AmazonEBSCSIDriverPolicy",
            "role": "staging-demo-ebs-csi-driver"
          },
          "sensitive_attributes": [],
          "private": "bnVsbA==",
          "dependencies": [
            "aws_eks_cluster.eks",
            "aws_iam_role.ebs_csi_driver",
            "aws_iam_role.eks",
            "aws_iam_role_policy_attachment.eks",
            "aws_subnet.private_zone1",
            "aws_subnet.private_zone2",
            "aws_vpc.main",
            "data.aws_iam_policy_document.ebs_csi_driver"
          ]
        }
      ]
    },
    {
      "mode": "managed",
      "type": "aws_iam_role_policy_attachment",
      "name": "ebs_csi_driver_encryption",
      "provider": "provider[\"registry.terraform.io/hashicorp/aws\"]",
      "instances": [
        {
          "schema_version": 0,
          "attributes": {
            "id": "staging-demo-ebs-csi-driver-20241022073618290100000013",
            "policy_arn": "arn:aws:iam::228717161587:policy/staging-demo-ebs-csi-driver-encryption",
            "role": "staging-demo-ebs-csi-driver"
          },
          "sensitive_attributes": [],
          "private": "bnVsbA==",
          "dependencies": [
            "aws_eks_cluster.eks",
            "aws_iam_policy.ebs_csi_driver_encryption",
            "aws_iam_role.ebs_csi_driver",
            "aws_iam_role.eks",
            "aws_iam_role_policy_attachment.eks",
            "aws_subnet.private_zone1",
            "aws_subnet.private_zone2",
            "aws_vpc.main",
            "data.aws_iam_policy_document.ebs_csi_driver"
          ]
        }
      ]
    },
    {
      "mode": "managed",
      "type": "aws_iam_role_policy_attachment",
      "name": "efs_csi_driver",
      "provider": "provider[\"registry.terraform.io/hashicorp/aws\"]",
      "instances": [
        {
          "schema_version": 0,
          "attributes": {
            "id": "staging-demo-efs-csi-driver-20241022073620078100000015",
            "policy_arn": "arn:aws:iam::aws:policy/service-role/AmazonEFSCSIDriverPolicy",
            "role": "staging-demo-efs-csi-driver"
          },
          "sensitive_attributes": [],
          "private": "bnVsbA==",
          "dependencies": [
            "aws_eks_cluster.eks",
            "aws_iam_openid_connect_provider.eks",
            "aws_iam_role.efs_csi_driver",
            "aws_iam_role.eks",
            "aws_iam_role_policy_attachment.eks",
            "aws_subnet.private_zone1",
            "aws_subnet.private_zone2",
            "aws_vpc.main",
            "data.aws_iam_policy_document.efs_csi_driver",
            "data.tls_certificate.eks"
          ]
        }
      ]
    },
    {
      "mode": "managed",
      "type": "aws_iam_role_policy_attachment",
      "name": "eks",
      "provider": "provider[\"registry.terraform.io/hashicorp/aws\"]",
      "instances": [
        {
          "schema_version": 0,
          "attributes": {
            "id": "staging-demo-eks-cluster-20241022072818624400000004",
            "policy_arn": "arn:aws:iam::aws:policy/AmazonEKSClusterPolicy",
            "role": "staging-demo-eks-cluster"
          },
          "sensitive_attributes": [],
          "private": "bnVsbA==",
          "dependencies": [
            "aws_iam_role.eks"
          ]
        }
      ]
    },
    {
      "mode": "managed",
      "type": "aws_iam_role_policy_attachment",
      "name": "eks_admin",
      "provider": "provider[\"registry.terraform.io/hashicorp/aws\"]",
      "instances": [
        {
          "schema_version": 0,
          "attributes": {
            "id": "staging-demo-eks-admin-20241022072818597500000002",
            "policy_arn": "arn:aws:iam::228717161587:policy/AmazonEKSAdminPolicy",
            "role": "staging-demo-eks-admin"
          },
          "sensitive_attributes": [],
          "private": "bnVsbA==",
          "dependencies": [
            "aws_iam_policy.eks_admin",
            "aws_iam_role.eks_admin",
            "data.aws_caller_identity.current"
          ]
        }
      ]
    },
    {
      "mode": "managed",
      "type": "aws_iam_role_policy_attachment",
      "name": "grafana_demo_query_access",
      "provider": "provider[\"registry.terraform.io/hashicorp/aws\"]",
      "instances": [
        {
          "schema_version": 0,
          "attributes": {
            "id": "grafana-demo-20241022073620371300000017",
            "policy_arn": "arn:aws:iam::aws:policy/AmazonPrometheusQueryAccess",
            "role": "grafana-demo"
          },
          "sensitive_attributes": [],
          "private": "bnVsbA==",
          "dependencies": [
            "aws_eks_cluster.eks",
            "aws_iam_openid_connect_provider.eks",
            "aws_iam_role.eks",
            "aws_iam_role.grafana_demo",
            "aws_iam_role_policy_attachment.eks",
            "aws_subnet.private_zone1",
            "aws_subnet.private_zone2",
            "aws_vpc.main",
            "data.aws_iam_policy_document.grafana_demo",
            "data.tls_certificate.eks"
          ]
        }
      ]
    },
    {
      "mode": "managed",
      "type": "aws_iam_role_policy_attachment",
      "name": "myapp_secrets",
      "provider": "provider[\"registry.terraform.io/hashicorp/aws\"]",
      "instances": [
        {
          "schema_version": 0,
          "attributes": {
            "id": "staging-demo-myapp-secrets-20241022073620333100000016",
            "policy_arn": "arn:aws:iam::228717161587:policy/staging-demo-myapp-secrets",
            "role": "staging-demo-myapp-secrets"
          },
          "sensitive_attributes": [],
          "private": "bnVsbA==",
          "dependencies": [
            "aws_eks_cluster.eks",
            "aws_iam_openid_connect_provider.eks",
            "aws_iam_policy.myapp_secrets",
            "aws_iam_role.eks",
            "aws_iam_role.myapp_secrets",
            "aws_iam_role_policy_attachment.eks",
            "aws_subnet.private_zone1",
            "aws_subnet.private_zone2",
            "aws_vpc.main",
            "data.aws_iam_policy_document.myapp_secrets",
            "data.tls_certificate.eks"
          ]
        }
      ]
    },
    {
      "mode": "managed",
      "type": "aws_iam_user",
      "name": "developer",
      "provider": "provider[\"registry.terraform.io/hashicorp/aws\"]",
      "instances": [
        {
          "schema_version": 0,
          "attributes": {
            "arn": "arn:aws:iam::228717161587:user/developer",
            "force_destroy": false,
            "id": "developer",
            "name": "developer",
            "path": "/",
            "permissions_boundary": "",
            "tags": {},
            "tags_all": {},
            "unique_id": "AIDATKQE25RZTCFW5IPYB"
          },
          "sensitive_attributes": [],
          "private": "bnVsbA=="
        }
      ]
    },
    {
      "mode": "managed",
      "type": "aws_iam_user",
      "name": "manager",
      "provider": "provider[\"registry.terraform.io/hashicorp/aws\"]",
      "instances": [
        {
          "schema_version": 0,
          "attributes": {
            "arn": "arn:aws:iam::228717161587:user/manager",
            "force_destroy": false,
            "id": "manager",
            "name": "manager",
            "path": "/",
            "permissions_boundary": "",
            "tags": {},
            "tags_all": {},
            "unique_id": "AIDATKQE25RZ7LCEGFFCQ"
          },
          "sensitive_attributes": [],
          "private": "bnVsbA=="
        }
      ]
    },
    {
      "mode": "managed",
      "type": "aws_iam_user_policy_attachment",
      "name": "developer_eks",
      "provider": "provider[\"registry.terraform.io/hashicorp/aws\"]",
      "instances": [
        {
          "schema_version": 0,
          "attributes": {
            "id": "developer-20241022072818325400000001",
            "policy_arn": "arn:aws:iam::228717161587:policy/AmazonEKSDeveloperPolicy",
            "user": "developer"
          },
          "sensitive_attributes": [],
          "private": "bnVsbA==",
          "dependencies": [
            "aws_iam_policy.developer_eks",
            "aws_iam_user.developer"
          ]
        }
      ]
    },
    {
      "mode": "managed",
      "type": "aws_iam_user_policy_attachment",
      "name": "manager",
      "provider": "provider[\"registry.terraform.io/hashicorp/aws\"]",
      "instances": [
        {
          "schema_version": 0,
          "attributes": {
            "id": "manager-20241022072819378800000007",
            "policy_arn": "arn:aws:iam::228717161587:policy/AmazonEKSAssumeAdminPolicy",
            "user": "manager"
          },
          "sensitive_attributes": [],
          "private": "bnVsbA==",
          "dependencies": [
            "aws_iam_policy.eks_assume_admin",
            "aws_iam_role.eks_admin",
            "aws_iam_user.manager",
            "data.aws_caller_identity.current"
          ]
        }
      ]
    },
    {
      "mode": "managed",
      "type": "aws_internet_gateway",
      "name": "igw",
      "provider": "provider[\"registry.terraform.io/hashicorp/aws\"]",
      "instances": [
        {
          "schema_version": 0,
          "attributes": {
            "arn": "arn:aws:ec2:us-east-2:228717161587:internet-gateway/igw-04aa264f769062bc1",
            "id": "igw-04aa264f769062bc1",
            "owner_id": "228717161587",
            "tags": {
              "Name": "staging-igw"
            },
            "tags_all": {
              "Name": "staging-igw"
            },
            "timeouts": null,
            "vpc_id": "vpc-07d474eb9a811ca6b"
          },
          "sensitive_attributes": [],
          "private": "eyJlMmJmYjczMC1lY2FhLTExZTYtOGY4OC0zNDM2M2JjN2M0YzAiOnsiY3JlYXRlIjoxMjAwMDAwMDAwMDAwLCJkZWxldGUiOjEyMDAwMDAwMDAwMDAsInVwZGF0ZSI6MTIwMDAwMDAwMDAwMH19",
          "dependencies": [
            "aws_vpc.main"
          ]
        }
      ]
    },
    {
      "mode": "managed",
      "type": "aws_nat_gateway",
      "name": "nat",
      "provider": "provider[\"registry.terraform.io/hashicorp/aws\"]",
      "instances": [
        {
          "schema_version": 0,
          "attributes": {
            "allocation_id": "eipalloc-098800860c4dad394",
            "association_id": "eipassoc-06d3ae9e507f55433",
            "connectivity_type": "public",
            "id": "nat-0c9446d2ca08a6afa",
            "network_interface_id": "eni-0ee05519d8ee2ffac",
            "private_ip": "10.0.70.46",
            "public_ip": "3.146.200.14",
            "secondary_allocation_ids": [],
            "secondary_private_ip_address_count": 0,
            "secondary_private_ip_addresses": [],
            "subnet_id": "subnet-0a81fa5b168ea4bf7",
            "tags": {
              "Name": "staging-nat"
            },
            "tags_all": {
              "Name": "staging-nat"
            },
            "timeouts": null
          },
          "sensitive_attributes": [],
          "private": "eyJlMmJmYjczMC1lY2FhLTExZTYtOGY4OC0zNDM2M2JjN2M0YzAiOnsiY3JlYXRlIjo2MDAwMDAwMDAwMDAsImRlbGV0ZSI6MTgwMDAwMDAwMDAwMCwidXBkYXRlIjo2MDAwMDAwMDAwMDB9fQ==",
          "dependencies": [
            "aws_eip.nat",
            "aws_internet_gateway.igw",
            "aws_subnet.public_zone1",
            "aws_vpc.main"
          ]
        }
      ]
    },
    {
      "mode": "managed",
      "type": "aws_prometheus_workspace",
      "name": "demo",
      "provider": "provider[\"registry.terraform.io/hashicorp/aws\"]",
      "instances": [
        {
          "status": "tainted",
          "schema_version": 0,
          "attributes": {
            "alias": "demo",
            "arn": null,
            "id": "ws-1a534fdc-9fa0-4515-b573-b55fdb91f925",
            "kms_key_arn": null,
            "logging_configuration": [
              {
                "log_group_arn": "arn:aws:logs:us-east-2:228717161587:log-group:/aws/prometheus/demo"
              }
            ],
            "prometheus_endpoint": null,
            "tags": null,
            "tags_all": null
          },
          "sensitive_attributes": [],
          "private": "bnVsbA==",
          "dependencies": [
            "aws_cloudwatch_log_group.prometheus_demo"
          ]
        }
      ]
    },
    {
      "mode": "managed",
      "type": "aws_route_table",
      "name": "private",
      "provider": "provider[\"registry.terraform.io/hashicorp/aws\"]",
      "instances": [
        {
          "schema_version": 0,
          "attributes": {
            "arn": "arn:aws:ec2:us-east-2:228717161587:route-table/rtb-0b0f6d2e5c996fcc0",
            "id": "rtb-0b0f6d2e5c996fcc0",
            "owner_id": "228717161587",
            "propagating_vgws": [],
            "route": [
              {
                "carrier_gateway_id": "",
                "cidr_block": "0.0.0.0/0",
                "core_network_arn": "",
                "destination_prefix_list_id": "",
                "egress_only_gateway_id": "",
                "gateway_id": "",
                "ipv6_cidr_block": "",
                "local_gateway_id": "",
                "nat_gateway_id": "nat-0c9446d2ca08a6afa",
                "network_interface_id": "",
                "transit_gateway_id": "",
                "vpc_endpoint_id": "",
                "vpc_peering_connection_id": ""
              }
            ],
            "tags": {
              "Name": "staging-private"
            },
            "tags_all": {
              "Name": "staging-private"
            },
            "timeouts": null,
            "vpc_id": "vpc-07d474eb9a811ca6b"
          },
          "sensitive_attributes": [],
          "private": "eyJlMmJmYjczMC1lY2FhLTExZTYtOGY4OC0zNDM2M2JjN2M0YzAiOnsiY3JlYXRlIjozMDAwMDAwMDAwMDAsImRlbGV0ZSI6MzAwMDAwMDAwMDAwLCJ1cGRhdGUiOjEyMDAwMDAwMDAwMH19",
          "dependencies": [
            "aws_eip.nat",
            "aws_internet_gateway.igw",
            "aws_nat_gateway.nat",
            "aws_subnet.public_zone1",
            "aws_vpc.main"
          ]
        }
      ]
    },
    {
      "mode": "managed",
      "type": "aws_route_table",
      "name": "public",
      "provider": "provider[\"registry.terraform.io/hashicorp/aws\"]",
      "instances": [
        {
          "schema_version": 0,
          "attributes": {
            "arn": "arn:aws:ec2:us-east-2:228717161587:route-table/rtb-0cd5f6a7f2170f7b4",
            "id": "rtb-0cd5f6a7f2170f7b4",
            "owner_id": "228717161587",
            "propagating_vgws": [],
            "route": [
              {
                "carrier_gateway_id": "",
                "cidr_block": "0.0.0.0/0",
                "core_network_arn": "",
                "destination_prefix_list_id": "",
                "egress_only_gateway_id": "",
                "gateway_id": "igw-04aa264f769062bc1",
                "ipv6_cidr_block": "",
                "local_gateway_id": "",
                "nat_gateway_id": "",
                "network_interface_id": "",
                "transit_gateway_id": "",
                "vpc_endpoint_id": "",
                "vpc_peering_connection_id": ""
              }
            ],
            "tags": {
              "Name": "staging-public"
            },
            "tags_all": {
              "Name": "staging-public"
            },
            "timeouts": null,
            "vpc_id": "vpc-07d474eb9a811ca6b"
          },
          "sensitive_attributes": [],
          "private": "eyJlMmJmYjczMC1lY2FhLTExZTYtOGY4OC0zNDM2M2JjN2M0YzAiOnsiY3JlYXRlIjozMDAwMDAwMDAwMDAsImRlbGV0ZSI6MzAwMDAwMDAwMDAwLCJ1cGRhdGUiOjEyMDAwMDAwMDAwMH19",
          "dependencies": [
            "aws_internet_gateway.igw",
            "aws_vpc.main"
          ]
        }
      ]
    },
    {
      "mode": "managed",
      "type": "aws_route_table_association",
      "name": "private_zone1",
      "provider": "provider[\"registry.terraform.io/hashicorp/aws\"]",
      "instances": [
        {
          "schema_version": 0,
          "attributes": {
            "gateway_id": "",
            "id": "rtbassoc-09e31a9913507fd25",
            "route_table_id": "rtb-0b0f6d2e5c996fcc0",
            "subnet_id": "subnet-0078f226c805e6f83",
            "timeouts": null
          },
          "sensitive_attributes": [],
          "private": "eyJlMmJmYjczMC1lY2FhLTExZTYtOGY4OC0zNDM2M2JjN2M0YzAiOnsiY3JlYXRlIjozMDAwMDAwMDAwMDAsImRlbGV0ZSI6MzAwMDAwMDAwMDAwLCJ1cGRhdGUiOjEyMDAwMDAwMDAwMH19",
          "dependencies": [
            "aws_eip.nat",
            "aws_internet_gateway.igw",
            "aws_nat_gateway.nat",
            "aws_route_table.private",
            "aws_subnet.private_zone1",
            "aws_subnet.public_zone1",
            "aws_vpc.main"
          ]
        }
      ]
    },
    {
      "mode": "managed",
      "type": "aws_route_table_association",
      "name": "private_zone2",
      "provider": "provider[\"registry.terraform.io/hashicorp/aws\"]",
      "instances": [
        {
          "schema_version": 0,
          "attributes": {
            "gateway_id": "",
            "id": "rtbassoc-052041e99f4882cde",
            "route_table_id": "rtb-0b0f6d2e5c996fcc0",
            "subnet_id": "subnet-08ddeff16bd076f6c",
            "timeouts": null
          },
          "sensitive_attributes": [],
          "private": "eyJlMmJmYjczMC1lY2FhLTExZTYtOGY4OC0zNDM2M2JjN2M0YzAiOnsiY3JlYXRlIjozMDAwMDAwMDAwMDAsImRlbGV0ZSI6MzAwMDAwMDAwMDAwLCJ1cGRhdGUiOjEyMDAwMDAwMDAwMH19",
          "dependencies": [
            "aws_eip.nat",
            "aws_internet_gateway.igw",
            "aws_nat_gateway.nat",
            "aws_route_table.private",
            "aws_subnet.private_zone2",
            "aws_subnet.public_zone1",
            "aws_vpc.main"
          ]
        }
      ]
    },
    {
      "mode": "managed",
      "type": "aws_route_table_association",
      "name": "public_zone1",
      "provider": "provider[\"registry.terraform.io/hashicorp/aws\"]",
      "instances": [
        {
          "schema_version": 0,
          "attributes": {
            "gateway_id": "",
            "id": "rtbassoc-0c7918f0a16a6c78e",
            "route_table_id": "rtb-0cd5f6a7f2170f7b4",
            "subnet_id": "subnet-0a81fa5b168ea4bf7",
            "timeouts": null
          },
          "sensitive_attributes": [],
          "private": "eyJlMmJmYjczMC1lY2FhLTExZTYtOGY4OC0zNDM2M2JjN2M0YzAiOnsiY3JlYXRlIjozMDAwMDAwMDAwMDAsImRlbGV0ZSI6MzAwMDAwMDAwMDAwLCJ1cGRhdGUiOjEyMDAwMDAwMDAwMH19",
          "dependencies": [
            "aws_internet_gateway.igw",
            "aws_route_table.public",
            "aws_subnet.public_zone1",
            "aws_vpc.main"
          ]
        }
      ]
    },
    {
      "mode": "managed",
      "type": "aws_route_table_association",
      "name": "public_zone2",
      "provider": "provider[\"registry.terraform.io/hashicorp/aws\"]",
      "instances": [
        {
          "schema_version": 0,
          "attributes": {
            "gateway_id": "",
            "id": "rtbassoc-0681e012207020349",
            "route_table_id": "rtb-0cd5f6a7f2170f7b4",
            "subnet_id": "subnet-0e4b83f3dd4aa4691",
            "timeouts": null
          },
          "sensitive_attributes": [],
          "private": "eyJlMmJmYjczMC1lY2FhLTExZTYtOGY4OC0zNDM2M2JjN2M0YzAiOnsiY3JlYXRlIjozMDAwMDAwMDAwMDAsImRlbGV0ZSI6MzAwMDAwMDAwMDAwLCJ1cGRhdGUiOjEyMDAwMDAwMDAwMH19",
          "dependencies": [
            "aws_internet_gateway.igw",
            "aws_route_table.public",
            "aws_subnet.public_zone2",
            "aws_vpc.main"
          ]
        }
      ]
    },
    {
      "mode": "managed",
      "type": "aws_subnet",
      "name": "private_zone1",
      "provider": "provider[\"registry.terraform.io/hashicorp/aws\"]",
      "instances": [
        {
          "schema_version": 1,
          "attributes": {
            "arn": "arn:aws:ec2:us-east-2:228717161587:subnet/subnet-0078f226c805e6f83",
            "assign_ipv6_address_on_creation": false,
            "availability_zone": "us-east-2a",
            "availability_zone_id": "use2-az1",
            "cidr_block": "10.0.0.0/19",
            "customer_owned_ipv4_pool": "",
            "enable_dns64": false,
            "enable_lni_at_device_index": 0,
            "enable_resource_name_dns_a_record_on_launch": false,
            "enable_resource_name_dns_aaaa_record_on_launch": false,
            "id": "subnet-0078f226c805e6f83",
            "ipv6_cidr_block": "",
            "ipv6_cidr_block_association_id": "",
            "ipv6_native": false,
            "map_customer_owned_ip_on_launch": false,
            "map_public_ip_on_launch": false,
            "outpost_arn": "",
            "owner_id": "228717161587",
            "private_dns_hostname_type_on_launch": "ip-name",
            "tags": {
              "Name": "staging-private-us-east-2a",
              "kubernetes.io/role/internal-elb": "1"
            },
            "tags_all": {
              "Name": "staging-private-us-east-2a",
              "kubernetes.io/role/internal-elb": "1"
            },
            "timeouts": null,
            "vpc_id": "vpc-07d474eb9a811ca6b"
          },
          "sensitive_attributes": [],
          "private": "eyJlMmJmYjczMC1lY2FhLTExZTYtOGY4OC0zNDM2M2JjN2M0YzAiOnsiY3JlYXRlIjo2MDAwMDAwMDAwMDAsImRlbGV0ZSI6MTIwMDAwMDAwMDAwMH0sInNjaGVtYV92ZXJzaW9uIjoiMSJ9",
          "dependencies": [
            "aws_vpc.main"
          ]
        }
      ]
    },
    {
      "mode": "managed",
      "type": "aws_subnet",
      "name": "private_zone2",
      "provider": "provider[\"registry.terraform.io/hashicorp/aws\"]",
      "instances": [
        {
          "schema_version": 1,
          "attributes": {
            "arn": "arn:aws:ec2:us-east-2:228717161587:subnet/subnet-08ddeff16bd076f6c",
            "assign_ipv6_address_on_creation": false,
            "availability_zone": "us-east-2b",
            "availability_zone_id": "use2-az2",
            "cidr_block": "10.0.32.0/19",
            "customer_owned_ipv4_pool": "",
            "enable_dns64": false,
            "enable_lni_at_device_index": 0,
            "enable_resource_name_dns_a_record_on_launch": false,
            "enable_resource_name_dns_aaaa_record_on_launch": false,
            "id": "subnet-08ddeff16bd076f6c",
            "ipv6_cidr_block": "",
            "ipv6_cidr_block_association_id": "",
            "ipv6_native": false,
            "map_customer_owned_ip_on_launch": false,
            "map_public_ip_on_launch": false,
            "outpost_arn": "",
            "owner_id": "228717161587",
            "private_dns_hostname_type_on_launch": "ip-name",
            "tags": {
              "Name": "staging-private-us-east-2b",
              "kubernetes.io/role/internal-elb": "1"
            },
            "tags_all": {
              "Name": "staging-private-us-east-2b",
              "kubernetes.io/role/internal-elb": "1"
            },
            "timeouts": null,
            "vpc_id": "vpc-07d474eb9a811ca6b"
          },
          "sensitive_attributes": [],
          "private": "eyJlMmJmYjczMC1lY2FhLTExZTYtOGY4OC0zNDM2M2JjN2M0YzAiOnsiY3JlYXRlIjo2MDAwMDAwMDAwMDAsImRlbGV0ZSI6MTIwMDAwMDAwMDAwMH0sInNjaGVtYV92ZXJzaW9uIjoiMSJ9",
          "dependencies": [
            "aws_vpc.main"
          ]
        }
      ]
    },
    {
      "mode": "managed",
      "type": "aws_subnet",
      "name": "public_zone1",
      "provider": "provider[\"registry.terraform.io/hashicorp/aws\"]",
      "instances": [
        {
          "schema_version": 1,
          "attributes": {
            "arn": "arn:aws:ec2:us-east-2:228717161587:subnet/subnet-0a81fa5b168ea4bf7",
            "assign_ipv6_address_on_creation": false,
            "availability_zone": "us-east-2a",
            "availability_zone_id": "use2-az1",
            "cidr_block": "10.0.64.0/19",
            "customer_owned_ipv4_pool": "",
            "enable_dns64": false,
            "enable_lni_at_device_index": 0,
            "enable_resource_name_dns_a_record_on_launch": false,
            "enable_resource_name_dns_aaaa_record_on_launch": false,
            "id": "subnet-0a81fa5b168ea4bf7",
            "ipv6_cidr_block": "",
            "ipv6_cidr_block_association_id": "",
            "ipv6_native": false,
            "map_customer_owned_ip_on_launch": false,
            "map_public_ip_on_launch": true,
            "outpost_arn": "",
            "owner_id": "228717161587",
            "private_dns_hostname_type_on_launch": "ip-name",
            "tags": {
              "Name": "staging-public-us-east-2a",
              "kubernetes.io/role/elb": "1"
            },
            "tags_all": {
              "Name": "staging-public-us-east-2a",
              "kubernetes.io/role/elb": "1"
            },
            "timeouts": null,
            "vpc_id": "vpc-07d474eb9a811ca6b"
          },
          "sensitive_attributes": [],
          "private": "eyJlMmJmYjczMC1lY2FhLTExZTYtOGY4OC0zNDM2M2JjN2M0YzAiOnsiY3JlYXRlIjo2MDAwMDAwMDAwMDAsImRlbGV0ZSI6MTIwMDAwMDAwMDAwMH0sInNjaGVtYV92ZXJzaW9uIjoiMSJ9",
          "dependencies": [
            "aws_vpc.main"
          ]
        }
      ]
    },
    {
      "mode": "managed",
      "type": "aws_subnet",
      "name": "public_zone2",
      "provider": "provider[\"registry.terraform.io/hashicorp/aws\"]",
      "instances": [
        {
          "schema_version": 1,
          "attributes": {
            "arn": "arn:aws:ec2:us-east-2:228717161587:subnet/subnet-0e4b83f3dd4aa4691",
            "assign_ipv6_address_on_creation": false,
            "availability_zone": "us-east-2b",
            "availability_zone_id": "use2-az2",
            "cidr_block": "10.0.96.0/19",
            "customer_owned_ipv4_pool": "",
            "enable_dns64": false,
            "enable_lni_at_device_index": 0,
            "enable_resource_name_dns_a_record_on_launch": false,
            "enable_resource_name_dns_aaaa_record_on_launch": false,
            "id": "subnet-0e4b83f3dd4aa4691",
            "ipv6_cidr_block": "",
            "ipv6_cidr_block_association_id": "",
            "ipv6_native": false,
            "map_customer_owned_ip_on_launch": false,
            "map_public_ip_on_launch": true,
            "outpost_arn": "",
            "owner_id": "228717161587",
            "private_dns_hostname_type_on_launch": "ip-name",
            "tags": {
              "Name": "staging-public-us-east-2b",
              "kubernetes.io/role/elb": "1"
            },
            "tags_all": {
              "Name": "staging-public-us-east-2b",
              "kubernetes.io/role/elb": "1"
            },
            "timeouts": null,
            "vpc_id": "vpc-07d474eb9a811ca6b"
          },
          "sensitive_attributes": [],
          "private": "eyJlMmJmYjczMC1lY2FhLTExZTYtOGY4OC0zNDM2M2JjN2M0YzAiOnsiY3JlYXRlIjo2MDAwMDAwMDAwMDAsImRlbGV0ZSI6MTIwMDAwMDAwMDAwMH0sInNjaGVtYV92ZXJzaW9uIjoiMSJ9",
          "dependencies": [
            "aws_vpc.main"
          ]
        }
      ]
    },
    {
      "mode": "managed",
      "type": "aws_vpc",
      "name": "main",
      "provider": "provider[\"registry.terraform.io/hashicorp/aws\"]",
      "instances": [
        {
          "schema_version": 1,
          "attributes": {
            "arn": "arn:aws:ec2:us-east-2:228717161587:vpc/vpc-07d474eb9a811ca6b",
            "assign_generated_ipv6_cidr_block": false,
            "cidr_block": "10.0.0.0/16",
            "default_network_acl_id": "acl-0532f7b88fbe077df",
            "default_route_table_id": "rtb-011c437d74d81028c",
            "default_security_group_id": "sg-005f8ea3bdd137569",
            "dhcp_options_id": "dopt-3599035e",
            "enable_dns_hostnames": true,
            "enable_dns_support": true,
            "enable_network_address_usage_metrics": false,
            "id": "vpc-07d474eb9a811ca6b",
            "instance_tenancy": "default",
            "ipv4_ipam_pool_id": null,
            "ipv4_netmask_length": null,
            "ipv6_association_id": "",
            "ipv6_cidr_block": "",
            "ipv6_cidr_block_network_border_group": "",
            "ipv6_ipam_pool_id": "",
            "ipv6_netmask_length": 0,
            "main_route_table_id": "rtb-011c437d74d81028c",
            "owner_id": "228717161587",
            "tags": {
              "Name": "staging-main"
            },
            "tags_all": {
              "Name": "staging-main"
            }
          },
          "sensitive_attributes": [],
          "private": "eyJzY2hlbWFfdmVyc2lvbiI6IjEifQ=="
        }
      ]
    },
    {
      "mode": "managed",
      "type": "helm_release",
      "name": "aws_lbc",
      "provider": "provider[\"registry.terraform.io/hashicorp/helm\"]",
      "instances": [
        {
          "schema_version": 1,
          "attributes": {
            "atomic": false,
            "chart": "aws-load-balancer-controller",
            "cleanup_on_fail": false,
            "create_namespace": false,
            "dependency_update": false,
            "description": null,
            "devel": null,
            "disable_crd_hooks": false,
            "disable_openapi_validation": false,
            "disable_webhooks": false,
            "force_update": false,
            "id": "aws-load-balancer-controller",
            "keyring": null,
            "lint": false,
            "manifest": null,
            "max_history": 0,
            "metadata": [
              {
                "app_version": "v2.7.2",
                "chart": "aws-load-balancer-controller",
                "first_deployed": 1729582783,
                "last_deployed": 1729582783,
                "name": "aws-load-balancer-controller",
                "namespace": "kube-system",
                "notes": "AWS Load Balancer controller installed!\n",
                "revision": 1,
                "values": "{\"clusterName\":\"staging-demo\",\"serviceAccount\":{\"name\":\"aws-load-balancer-controller\"}}",
                "version": "1.7.2"
              }
            ],
            "name": "aws-load-balancer-controller",
            "namespace": "kube-system",
            "pass_credentials": false,
            "postrender": [],
            "recreate_pods": false,
            "render_subchart_notes": true,
            "replace": false,
            "repository": "https://aws.github.io/eks-charts",
            "repository_ca_file": null,
            "repository_cert_file": null,
            "repository_key_file": null,
            "repository_password": null,
            "repository_username": null,
            "reset_values": false,
            "reuse_values": false,
            "set": [
              {
                "name": "clusterName",
                "type": "",
                "value": "staging-demo"
              },
              {
                "name": "serviceAccount.name",
                "type": "",
                "value": "aws-load-balancer-controller"
              }
            ],
            "set_list": [],
            "set_sensitive": [],
            "skip_crds": false,
            "status": "deployed",
            "timeout": 300,
            "upgrade_install": null,
            "values": null,
            "verify": false,
            "version": "1.7.2",
            "wait": true,
            "wait_for_jobs": false
          },
          "sensitive_attributes": [],
          "private": "eyJzY2hlbWFfdmVyc2lvbiI6IjEifQ==",
          "dependencies": [
            "aws_eks_cluster.eks",
            "aws_eks_node_group.general",
            "aws_iam_role.eks",
            "aws_iam_role.nodes",
            "aws_iam_role_policy_attachment.amazon_ec2_container_registry-read_only",
            "aws_iam_role_policy_attachment.amazon_eks_cni_plicy",
            "aws_iam_role_policy_attachment.amazon_eks_worker_node_policy",
            "aws_iam_role_policy_attachment.eks",
            "aws_subnet.private_zone1",
            "aws_subnet.private_zone2",
            "aws_vpc.main",
            "data.aws_eks_cluster.eks",
            "data.aws_eks_cluster_auth.eks",
            "helm_release.cluster_autoscaler",
            "helm_release.metrics_server"
          ]
        }
      ]
    },
    {
      "mode": "managed",
      "type": "helm_release",
      "name": "cluster_autoscaler",
      "provider": "provider[\"registry.terraform.io/hashicorp/helm\"]",
      "instances": [
        {
          "schema_version": 1,
          "attributes": {
            "atomic": false,
            "chart": "cluster-autoscaler",
            "cleanup_on_fail": false,
            "create_namespace": false,
            "dependency_update": false,
            "description": null,
            "devel": null,
            "disable_crd_hooks": false,
            "disable_openapi_validation": false,
            "disable_webhooks": false,
            "force_update": false,
            "id": "autoscaler",
            "keyring": null,
            "lint": false,
            "manifest": null,
            "max_history": 0,
            "metadata": [
              {
                "app_version": "1.31.0",
                "chart": "cluster-autoscaler",
                "first_deployed": 1729582757,
                "last_deployed": 1729582757,
                "name": "autoscaler",
                "namespace": "kube-system",
                "notes": "\n\nTo verify that cluster-autoscaler has started, run:\n\n  kubectl --namespace=kube-system get pods -l \"app.kubernetes.io/name=aws-cluster-autoscaler,app.kubernetes.io/instance=autoscaler\"",
                "revision": 1,
                "values": "{\"autoDiscovery\":{\"clusterName\":\"staging-demo\"},\"awsRegion\":\"us-east-2\",\"rbac\":{\"serviceAccount\":{\"name\":\"cluster-autoscaler\"}}}",
                "version": "9.43.0"
              }
            ],
            "name": "autoscaler",
            "namespace": "kube-system",
            "pass_credentials": false,
            "postrender": [],
            "recreate_pods": false,
            "render_subchart_notes": true,
            "replace": false,
            "repository": "https://kubernetes.github.io/autoscaler",
            "repository_ca_file": null,
            "repository_cert_file": null,
            "repository_key_file": null,
            "repository_password": null,
            "repository_username": null,
            "reset_values": false,
            "reuse_values": false,
            "set": [
              {
                "name": "autoDiscovery.clusterName",
                "type": "",
                "value": "staging-demo"
              },
              {
                "name": "awsRegion",
                "type": "",
                "value": "us-east-2"
              },
              {
                "name": "rbac.serviceAccount.name",
                "type": "",
                "value": "cluster-autoscaler"
              }
            ],
            "set_list": [],
            "set_sensitive": [],
            "skip_crds": false,
            "status": "deployed",
            "timeout": 300,
            "upgrade_install": null,
            "values": null,
            "verify": false,
            "version": "9.43.0",
            "wait": true,
            "wait_for_jobs": false
          },
          "sensitive_attributes": [],
          "private": "eyJzY2hlbWFfdmVyc2lvbiI6IjEifQ==",
          "dependencies": [
            "aws_eks_cluster.eks",
            "aws_eks_node_group.general",
            "aws_iam_role.eks",
            "aws_iam_role.nodes",
            "aws_iam_role_policy_attachment.amazon_ec2_container_registry-read_only",
            "aws_iam_role_policy_attachment.amazon_eks_cni_plicy",
            "aws_iam_role_policy_attachment.amazon_eks_worker_node_policy",
            "aws_iam_role_policy_attachment.eks",
            "aws_subnet.private_zone1",
            "aws_subnet.private_zone2",
            "aws_vpc.main",
            "data.aws_eks_cluster.eks",
            "data.aws_eks_cluster_auth.eks",
            "helm_release.metrics_server"
          ]
        }
      ]
    },
    {
      "mode": "managed",
      "type": "helm_release",
      "name": "efs_csi_driver",
      "provider": "provider[\"registry.terraform.io/hashicorp/helm\"]",
      "instances": [
        {
          "schema_version": 1,
          "attributes": {
            "atomic": false,
            "chart": "aws-efs-csi-driver",
            "cleanup_on_fail": false,
            "create_namespace": false,
            "dependency_update": false,
            "description": null,
            "devel": null,
            "disable_crd_hooks": false,
            "disable_openapi_validation": false,
            "disable_webhooks": false,
            "force_update": false,
            "id": "aws-efs-csi-driver",
            "keyring": null,
            "lint": false,
            "manifest": null,
            "max_history": 0,
            "metadata": [
              {
                "app_version": "2.0.4",
                "chart": "aws-efs-csi-driver",
                "first_deployed": 1729582661,
                "last_deployed": 1729582661,
                "name": "aws-efs-csi-driver",
                "namespace": "kube-system",
                "notes": "To verify that aws-efs-csi-driver has started, run:\n\n    kubectl get pod -n kube-system -l \"app.kubernetes.io/name=aws-efs-csi-driver,app.kubernetes.io/instance=aws-efs-csi-driver\"\n",
                "revision": 1,
                "values": "{\"controller\":{\"serviceAccount\":{\"annotations\":{\"eks.amazonaws.com/role-arn\":\"arn:aws:iam::228717161587:role/staging-demo-efs-csi-driver\"},\"name\":\"efs-csi-controller-sa\"}}}",
                "version": "3.0.5"
              }
            ],
            "name": "aws-efs-csi-driver",
            "namespace": "kube-system",
            "pass_credentials": false,
            "postrender": [],
            "recreate_pods": false,
            "render_subchart_notes": true,
            "replace": false,
            "repository": "https://kubernetes-sigs.github.io/aws-efs-csi-driver/",
            "repository_ca_file": null,
            "repository_cert_file": null,
            "repository_key_file": null,
            "repository_password": null,
            "repository_username": null,
            "reset_values": false,
            "reuse_values": false,
            "set": [
              {
                "name": "controller.serviceAccount.annotations.eks\\.amazonaws\\.com/role-arn",
                "type": "",
                "value": "arn:aws:iam::228717161587:role/staging-demo-efs-csi-driver"
              },
              {
                "name": "controller.serviceAccount.name",
                "type": "",
                "value": "efs-csi-controller-sa"
              }
            ],
            "set_list": [],
            "set_sensitive": [],
            "skip_crds": false,
            "status": "deployed",
            "timeout": 300,
            "upgrade_install": null,
            "values": null,
            "verify": false,
            "version": "3.0.5",
            "wait": true,
            "wait_for_jobs": false
          },
          "sensitive_attributes": [],
          "private": "eyJzY2hlbWFfdmVyc2lvbiI6IjEifQ==",
          "dependencies": [
            "aws_efs_file_system.eks",
            "aws_efs_mount_target.zone_a",
            "aws_efs_mount_target.zone_b",
            "aws_eks_cluster.eks",
            "aws_iam_openid_connect_provider.eks",
            "aws_iam_role.efs_csi_driver",
            "aws_iam_role.eks",
            "aws_iam_role_policy_attachment.eks",
            "aws_subnet.private_zone1",
            "aws_subnet.private_zone2",
            "aws_vpc.main",
            "data.aws_eks_cluster.eks",
            "data.aws_eks_cluster_auth.eks",
            "data.aws_iam_policy_document.efs_csi_driver",
            "data.tls_certificate.eks"
          ]
        }
      ]
    },
    {
      "mode": "managed",
      "type": "helm_release",
      "name": "metrics_server",
      "provider": "provider[\"registry.terraform.io/hashicorp/helm\"]",
      "instances": [
        {
          "schema_version": 1,
          "attributes": {
            "atomic": false,
            "chart": "metrics-server",
            "cleanup_on_fail": false,
            "create_namespace": false,
            "dependency_update": false,
            "description": null,
            "devel": null,
            "disable_crd_hooks": false,
            "disable_openapi_validation": false,
            "disable_webhooks": false,
            "force_update": false,
            "id": "metrics-server",
            "keyring": null,
            "lint": false,
            "manifest": null,
            "max_history": 0,
            "metadata": [
              {
                "app_version": "0.7.1",
                "chart": "metrics-server",
                "first_deployed": 1729582707,
                "last_deployed": 1729582707,
                "name": "metrics-server",
                "namespace": "kube-system",
                "notes": "***********************************************************************\n* Metrics Server                                                      *\n***********************************************************************\n  Chart version: 3.12.1\n  App version:   0.7.1\n  Image tag:     registry.k8s.io/metrics-server/metrics-server:v0.7.1\n***********************************************************************\n",
                "revision": 1,
                "values": "{\"defaultArgs\":[\"--cert-dir=/tmp\",\"--kubelet-preferred-address-types=InternalIP,ExternalIP,Hostname\",\"--kubelet-use-node-status-port\",\"--metric-resolution=15s\",\"--secure-port=10250\"]}",
                "version": "3.12.1"
              }
            ],
            "name": "metrics-server",
            "namespace": "kube-system",
            "pass_credentials": false,
            "postrender": [],
            "recreate_pods": false,
            "render_subchart_notes": true,
            "replace": false,
            "repository": "https://kubernetes-sigs.github.io/metrics-server/",
            "repository_ca_file": null,
            "repository_cert_file": null,
            "repository_key_file": null,
            "repository_password": null,
            "repository_username": null,
            "reset_values": false,
            "reuse_values": false,
            "set": [],
            "set_list": [],
            "set_sensitive": [],
            "skip_crds": false,
            "status": "deployed",
            "timeout": 300,
            "upgrade_install": null,
            "values": [
              "---\ndefaultArgs:\n  - --cert-dir=/tmp\n  - --kubelet-preferred-address-types=InternalIP,ExternalIP,Hostname\n  - --kubelet-use-node-status-port\n  - --metric-resolution=15s\n  - --secure-port=10250"
            ],
            "verify": false,
            "version": "3.12.1",
            "wait": true,
            "wait_for_jobs": false
          },
          "sensitive_attributes": [],
          "private": "eyJzY2hlbWFfdmVyc2lvbiI6IjEifQ==",
          "dependencies": [
            "aws_eks_cluster.eks",
            "aws_eks_node_group.general",
            "aws_iam_role.eks",
            "aws_iam_role.nodes",
            "aws_iam_role_policy_attachment.amazon_ec2_container_registry-read_only",
            "aws_iam_role_policy_attachment.amazon_eks_cni_plicy",
            "aws_iam_role_policy_attachment.amazon_eks_worker_node_policy",
            "aws_iam_role_policy_attachment.eks",
            "aws_subnet.private_zone1",
            "aws_subnet.private_zone2",
            "aws_vpc.main",
            "data.aws_eks_cluster.eks",
            "data.aws_eks_cluster_auth.eks"
          ]
        }
      ]
    },
    {
      "mode": "managed",
      "type": "helm_release",
      "name": "secrets_csi_driver",
      "provider": "provider[\"registry.terraform.io/hashicorp/helm\"]",
      "instances": [
        {
          "schema_version": 1,
          "attributes": {
            "atomic": false,
            "chart": "secrets-store-csi-driver",
            "cleanup_on_fail": false,
            "create_namespace": false,
            "dependency_update": false,
            "description": null,
            "devel": null,
            "disable_crd_hooks": false,
            "disable_openapi_validation": false,
            "disable_webhooks": false,
            "force_update": false,
            "id": "secrets-store-csi-driver",
            "keyring": null,
            "lint": false,
            "manifest": null,
            "max_history": 0,
            "metadata": [
              {
                "app_version": "1.4.3",
                "chart": "secrets-store-csi-driver",
                "first_deployed": 1729582689,
                "last_deployed": 1729582689,
                "name": "secrets-store-csi-driver",
                "namespace": "kube-system",
                "notes": "The Secrets Store CSI Driver is getting deployed to your cluster.\n\nTo verify that Secrets Store CSI Driver has started, run:\n\n  kubectl --namespace=kube-system get pods -l \"app=secrets-store-csi-driver\"\n\nNow you can follow these steps https://secrets-store-csi-driver.sigs.k8s.io/getting-started/usage.html\nto create a SecretProviderClass resource, and a deployment using the SecretProviderClass.\n",
                "revision": 1,
                "values": "{\"syncSecret\":{\"enabled\":true}}",
                "version": "1.4.3"
              }
            ],
            "name": "secrets-store-csi-driver",
            "namespace": "kube-system",
            "pass_credentials": false,
            "postrender": [],
            "recreate_pods": false,
            "render_subchart_notes": true,
            "replace": false,
            "repository": "https://kubernetes-sigs.github.io/secrets-store-csi-driver/charts",
            "repository_ca_file": null,
            "repository_cert_file": null,
            "repository_key_file": null,
            "repository_password": null,
            "repository_username": null,
            "reset_values": false,
            "reuse_values": false,
            "set": [
              {
                "name": "syncSecret.enabled",
                "type": "",
                "value": "true"
              }
            ],
            "set_list": [],
            "set_sensitive": [],
            "skip_crds": false,
            "status": "deployed",
            "timeout": 300,
            "upgrade_install": null,
            "values": null,
            "verify": false,
            "version": "1.4.3",
            "wait": true,
            "wait_for_jobs": false
          },
          "sensitive_attributes": [],
          "private": "eyJzY2hlbWFfdmVyc2lvbiI6IjEifQ==",
          "dependencies": [
            "aws_efs_file_system.eks",
            "aws_efs_mount_target.zone_a",
            "aws_efs_mount_target.zone_b",
            "aws_eks_cluster.eks",
            "aws_iam_openid_connect_provider.eks",
            "aws_iam_role.efs_csi_driver",
            "aws_iam_role.eks",
            "aws_iam_role_policy_attachment.eks",
            "aws_subnet.private_zone1",
            "aws_subnet.private_zone2",
            "aws_vpc.main",
            "data.aws_eks_cluster.eks",
            "data.aws_eks_cluster_auth.eks",
            "data.aws_iam_policy_document.efs_csi_driver",
            "data.tls_certificate.eks",
            "helm_release.efs_csi_driver"
          ]
        }
      ]
    },
    {
      "mode": "managed",
      "type": "helm_release",
      "name": "secrets_csi_driver_aws_provider",
      "provider": "provider[\"registry.terraform.io/hashicorp/helm\"]",
      "instances": [
        {
          "schema_version": 1,
          "attributes": {
            "atomic": false,
            "chart": "secrets-store-csi-driver-provider-aws",
            "cleanup_on_fail": false,
            "create_namespace": false,
            "dependency_update": false,
            "description": null,
            "devel": null,
            "disable_crd_hooks": false,
            "disable_openapi_validation": false,
            "disable_webhooks": false,
            "force_update": false,
            "id": "secrets-store-csi-driver-provider-aws",
            "keyring": null,
            "lint": false,
            "manifest": null,
            "max_history": 0,
            "metadata": [
              {
                "app_version": "",
                "chart": "secrets-store-csi-driver-provider-aws",
                "first_deployed": 1729582739,
                "last_deployed": 1729582739,
                "name": "secrets-store-csi-driver-provider-aws",
                "namespace": "kube-system",
                "notes": "",
                "revision": 1,
                "values": "{}",
                "version": "0.3.9"
              }
            ],
            "name": "secrets-store-csi-driver-provider-aws",
            "namespace": "kube-system",
            "pass_credentials": false,
            "postrender": [],
            "recreate_pods": false,
            "render_subchart_notes": true,
            "replace": false,
            "repository": "https://aws.github.io/secrets-store-csi-driver-provider-aws",
            "repository_ca_file": null,
            "repository_cert_file": null,
            "repository_key_file": null,
            "repository_password": null,
            "repository_username": null,
            "reset_values": false,
            "reuse_values": false,
            "set": [],
            "set_list": [],
            "set_sensitive": [],
            "skip_crds": false,
            "status": "deployed",
            "timeout": 300,
            "upgrade_install": null,
            "values": null,
            "verify": false,
            "version": "0.3.9",
            "wait": true,
            "wait_for_jobs": false
          },
          "sensitive_attributes": [],
          "private": "eyJzY2hlbWFfdmVyc2lvbiI6IjEifQ==",
          "dependencies": [
            "aws_efs_file_system.eks",
            "aws_efs_mount_target.zone_a",
            "aws_efs_mount_target.zone_b",
            "aws_eks_cluster.eks",
            "aws_iam_openid_connect_provider.eks",
            "aws_iam_role.efs_csi_driver",
            "aws_iam_role.eks",
            "aws_iam_role_policy_attachment.eks",
            "aws_subnet.private_zone1",
            "aws_subnet.private_zone2",
            "aws_vpc.main",
            "data.aws_eks_cluster.eks",
            "data.aws_eks_cluster_auth.eks",
            "data.aws_iam_policy_document.efs_csi_driver",
            "data.tls_certificate.eks",
            "helm_release.efs_csi_driver",
            "helm_release.secrets_csi_driver"
          ]
        }
      ]
    },
    {
      "mode": "managed",
      "type": "kubernetes_storage_class_v1",
      "name": "efs",
      "provider": "provider[\"registry.terraform.io/hashicorp/kubernetes\"]",
      "instances": [
        {
          "schema_version": 0,
          "attributes": {
            "allow_volume_expansion": true,
            "allowed_topologies": [],
            "id": "efs",
            "metadata": [
              {
                "annotations": {},
                "generate_name": "",
                "generation": 0,
                "labels": {},
                "name": "efs",
                "resource_version": "1702",
                "uid": "6545ee19-b23c-4b3e-bdc1-abe223456fe7"
              }
            ],
            "mount_options": [
              "iam"
            ],
            "parameters": {
              "directoryPerms": "700",
              "fileSystemId": "fs-0937f27a1d0dbdd1a",
              "provisioningMode": "efs-ap"
            },
            "reclaim_policy": "Delete",
            "storage_provisioner": "efs.csi.aws.com",
            "volume_binding_mode": "Immediate"
          },
          "sensitive_attributes": [],
          "private": "bnVsbA==",
          "dependencies": [
            "aws_efs_file_system.eks",
            "aws_efs_mount_target.zone_a",
            "aws_efs_mount_target.zone_b",
            "aws_eks_cluster.eks",
            "aws_iam_openid_connect_provider.eks",
            "aws_iam_role.efs_csi_driver",
            "aws_iam_role.eks",
            "aws_iam_role_policy_attachment.eks",
            "aws_subnet.private_zone1",
            "aws_subnet.private_zone2",
            "aws_vpc.main",
            "data.aws_eks_cluster.eks",
            "data.aws_eks_cluster.eks_v2",
            "data.aws_eks_cluster_auth.eks",
            "data.aws_eks_cluster_auth.eks_v2",
            "data.aws_iam_policy_document.efs_csi_driver",
            "data.tls_certificate.eks",
            "helm_release.efs_csi_driver"
          ]
        }
      ]
    }
  ],
  "check_results": null
}
